---
lockfileVersion: '9.0'

importers:

  .:
    configDependencies: {}
    packageManagerDependencies:
      pnpm:
        specifier: 12.9.0
        version: 12.9.0

packages:

  '@pnpm/exe.android-arm64@12.9.0':
    resolution: {integrity: sha512-/53fHFwP1mBYQjli6h3LBZsocAMjrEY6hCDiomIwdLIFbtxHrWucPg/s8ozOG3K6Qt8yEA78v7fCcNrgZKTlEQ==}
    cpu: [arm64]
    os: [android]

  '@pnpm/exe.android-x64@12.9.0':
    resolution: {integrity: sha512-QI+Md3q3Df0WbDGpqciRw9ge0r7CGbxSlP3HcyIf34/YdZsbmUTl416oWOe3RrkZpVVVCA20f8B9esYrITpArA==}
    cpu: [x64]
    os: [android]

  '@pnpm/exe.darwin-arm64@12.9.0':
    resolution: {integrity: sha512-mWr7fGPYJ12GuvU/q0SyJfj7X/9Eqa5dA6cc+yUUAKRdYEcqW4lQcsDd1ArfxJNSDYooz9X+UhFeVxKO9e/xDA==}
    cpu: [arm64]
    os: [darwin]

  '@pnpm/exe.darwin-x64@12.9.0':
    resolution: {integrity: sha512-fr4ns4FyMLptdYbWqW3yc/yvbfQP7D1RBCFUJpSPr7tOzd3JxZvl+Tkvg65kEAGU5wXI6vl3eCOofumEj/n3Gw==}
    cpu: [x64]
    os: [darwin]

  '@pnpm/exe.freebsd-x64@12.9.0':
    resolution: {integrity: sha512-4+hZPeJzSSw1oOrfUg+v4QylHv6qKhdgcCnKt9ooryE79p1Z9oyozVJ5em+g6ajbvv6jlH+epnht8/s9Cp5M3Q==}
    cpu: [x64]
    os: [freebsd]

  '@pnpm/exe.linux-arm64-musl@12.9.0':
    resolution: {integrity: sha512-+mHQSbA6M6W71PyV0IxYu2T43lZA8rAhlw4Gy7EMlyiv8H2GWJAXtUXl2huw7tnsar2AhCRlPn/ZvUv+/mIBkA==}
    cpu: [arm64]
    os: [linux]
    libc: [musl]

  '@pnpm/exe.linux-arm64@12.9.0':
    resolution: {integrity: sha512-U1mBoG27+J/HuWYtVZOQrvbiKnTlDsDVzyroKQqHsJaTHTXi0H5Y+fU1GjUyMcNG5r/EXtbhp9iAwQt64uXTxQ==}
    cpu: [arm64]
    os: [linux]
    libc: [glibc]

  '@pnpm/exe.linux-ppc64@12.9.0':
    resolution: {integrity: sha512-P5bgei3i6wjlKq6s4PNg/0cvik354upY2wW3YGSfweYTABnAZP2zGzgMc0eO5SHTz934Cbya8Z0YFRdw6MfmCg==}
    cpu: [ppc64]
    os: [linux]
    libc: [glibc]

  '@pnpm/exe.linux-riscv64@12.9.0':
    resolution: {integrity: sha512-oNx2uOo2gVrRckEvz7V+FKeq9HOF0rKNHcCyxRRHSXEXpmP6ZMMgJ+iU/m/zfSGp6bAcC5mvAE270FhAeIeKhA==}
    cpu: [riscv64]
    os: [linux]
    libc: [glibc]

  '@pnpm/exe.linux-s390x@12.9.0':
    resolution: {integrity: sha512-OChHS7hOlqdBMtZqjIB1QoZGNfzLPSsvTa2kYanf3qso5Q+KgnROQ+uV4a0wRGC6sdshSA63+Ui8MCylRy6iwA==}
    cpu: [s390x]
    os: [linux]
    libc: [glibc]

  '@pnpm/exe.linux-x64-musl@12.9.0':
    resolution: {integrity: sha512-ubZPsDMXS+LEnPa7wZD18E+KTpOAZPt+ms/khfIROt+6Cp0A2kayQA8aIsvV7+jGZD0xoknvaGN/P3v9OisZUg==}
    cpu: [x64]
    os: [linux]
    libc: [musl]

  '@pnpm/exe.linux-x64@12.9.0':
    resolution: {integrity: sha512-ElANYUwQuMfWqMJR4m5L5h9zKjvGKcA8hi2put4J1DMx2smVaNGkGnxkgeIYgMjmF7UFxlZDcL4jItkScgsW4A==}
    cpu: [x64]
    os: [linux]
    libc: [glibc]

  '@pnpm/exe.win32-arm64@12.9.0':
    resolution: {integrity: sha512-cqnBKZg5e9fFghmYtgJLyZOAsS1EyLeDVJ0qNsjR7hcc+dq1mWRiDo0erqdj2PGoYaVogyF9WejZSJoKvlfXDw==}
    cpu: [arm64]
    os: [win32]

  '@pnpm/exe.win32-x64@12.9.0':
    resolution: {integrity: sha512-khqst6QGgHdKs2lEmz0N75qN/EoOcEywNQlRPfBrBrq1SytHra6ro/xViueJkVvDOz9gEO8oYcXTdZeAjErjMg==}
    cpu: [x64]
    os: [win32]

  pnpm@12.9.0:
    resolution: {integrity: sha512-j2TvoLeSmGypiuVoeRvNdyKAfidMTwwdmFPGIRZJXFhBGduYdioqU0OxaE02G5rib90W1VFmbXY1NG0/roMN3Q==}
    engines: {node: '>=18.*'}
    hasBin: true

snapshots:

  '@pnpm/exe.android-arm64@12.9.0':
    optional: true

  '@pnpm/exe.android-x64@12.9.0':
    optional: true

  '@pnpm/exe.darwin-arm64@12.9.0':
    optional: true

  '@pnpm/exe.darwin-x64@12.9.0':
    optional: true

  '@pnpm/exe.freebsd-x64@12.9.0':
    optional: true

  '@pnpm/exe.linux-arm64-musl@12.9.0':
    optional: true

  '@pnpm/exe.linux-arm64@12.9.0':
    optional: true

  '@pnpm/exe.linux-ppc64@12.9.0':
    optional: true

  '@pnpm/exe.linux-riscv64@12.9.0':
    optional: true

  '@pnpm/exe.linux-s390x@12.9.0':
    optional: true

  '@pnpm/exe.linux-x64-musl@12.9.0':
    optional: true

  '@pnpm/exe.linux-x64@12.9.0':
    optional: true

  '@pnpm/exe.win32-arm64@12.9.0':
    optional: true

  '@pnpm/exe.win32-x64@12.9.0':
    optional: true

  pnpm@12.9.0:
    optionalDependencies:
      '@pnpm/exe.android-arm64': 12.9.0
      '@pnpm/exe.android-x64': 12.9.0
      '@pnpm/exe.darwin-arm64': 12.9.0
      '@pnpm/exe.darwin-x64': 12.9.0
      '@pnpm/exe.freebsd-x64': 12.9.0
      '@pnpm/exe.linux-arm64': 12.9.0
      '@pnpm/exe.linux-arm64-musl': 12.9.0
      '@pnpm/exe.linux-ppc64': 12.9.0
      '@pnpm/exe.linux-riscv64': 12.9.0
      '@pnpm/exe.linux-s390x': 12.9.0
      '@pnpm/exe.linux-x64': 12.9.0
      '@pnpm/exe.linux-x64-musl': 12.9.0
      '@pnpm/exe.win32-arm64': 12.9.0
      '@pnpm/exe.win32-x64': 12.9.0

---
lockfileVersion: '9.0'

settings:
  autoInstallPeers: true
  excludeLinksFromLockfile: false

importers:

  .:
    dependencies:
      '@angular/compiler':
        specifier: link:./in-existing-linked-by-bazel
        version: link:in-existing-linked-by-bazel
      '@angular/compiler-cli':
        specifier: link:./in-existing-linked-by-bazel
        version: link:in-existing-linked-by-bazel
      '@angular/core':
        specifier: link:./in-existing-linked-by-bazel
        version: link:in-existing-linked-by-bazel
      rxjs:
        specifier: ^7.0.0
        version: 7.8.2
      terser:
        specifier: ^5.8.0
        version: 5.51.2
      typescript:
        specifier: 6.0.3
        version: 6.0.3
      zone.js:
        specifier: 0.16.3
        version: 0.16.3

packages:

  '@jridgewell/gen-mapping@0.3.13':
    resolution: {integrity: sha512-2kkt/7niJ6MgEPxF0bYdQ6etZaA+fQvDcLKckhy1yIQOzaoKjBBjSj63/aLVjYE3qhRt5dvM+uUyfCg6UKCBbA==}

  '@jridgewell/resolve-uri@3.1.2':
    resolution: {integrity: sha512-bRISgCIjP20/tbWSPWMEi54QVPRZExkuD9lJL+UIxUKtwVJA8wW1Trb1jMs1RFXo1CBTNZ/5hpC9QvmKWdopKw==}
    engines: {node: '>=6.0.0'}

  '@jridgewell/source-map@0.3.11':
    resolution: {integrity: sha512-ZMp1V8ZFcPG5dIWnQLr3NSI1MiCU7UETdS/A0G8V/XWHvJv3ZsFqutJn1Y5RPmAPX6F3BiE397OqveU/9NCuIA==}

  '@jridgewell/sourcemap-codec@1.6.0':
    resolution: {integrity: sha512-T7jf+5zgsZHwNJ4lvQ7/aezbyk0nNX+zJVWpmHA7VYsEx7a7qr5Rg5IbtJFqkgze5Y2sruq1RUY8Q837Od7iFw==}

  '@jridgewell/trace-mapping@0.3.31':
    resolution: {integrity: sha512-zzNR+SdQSDJzc8joaeP8QQoCQr8NuYx2dIIytl1QeBEZHJ9uW6hebsrYgbz8hJwUQao3TWCMtmfV8Nu1twOLAw==}

  acorn@8.18.0:
    resolution: {integrity: sha512-lGq+9yr1/GuAWaVYIHRjvvySG5/4VfKIvC8EWxStPdcDh/Ka7FG3twP6v4d5BkravUilhIAsG4Qj83t02LWUPQ==}
    engines: {node: '>=0.4.0'}
    hasBin: true

  buffer-from@1.1.2:
    resolution: {integrity: sha512-E+XQCRwSbaaiChtv6k6Dwgc+bx+Bs6vuKJHHl5kox/BaKbhiXzqQOwK4cO22yElGp2OCmjwVhT3HmxgyPGnJfQ==}

  commander@2.20.3:
    resolution: {integrity: sha512-GpVkmM8vF2vQUkj2LvZmD35JxeJOLCwJ9cUkugyk2nuhbv3+mJvpLYYt+0+USMxE+oj+ey/lJEnhZw75x/OMcQ==}

  rxjs@7.8.2:
    resolution: {integrity: sha512-dhKf903U/PQZY6boNNtAGdWbG85WAbjT/1xYoZIC7FAY0yWapOBQVsVrDl58W86//e1VpMNBtRV4MaXfdMySFA==}

  source-map-support@0.5.21:
    resolution: {integrity: sha512-uBHU3L3czsIyYXKX88fdrGovxdSCoTGDRZ6SYXtSRxLZUzHg5P/66Ht6uoUlHu9EZod+inXhKo3qQgwXUT/y1w==}

  source-map@0.6.1:
    resolution: {integrity: sha512-UjgapumWlbMhkBgzT7Ykc5YXUT46F0iKu8SGXq0bcwP5dz/h0Plj6enJqjz1Zbq2l5WaqYnrVbwWOWMyF3F47g==}
    engines: {node: '>=0.10.0'}

  terser@5.51.2:
    resolution: {integrity: sha512-bWnjSNscmuI+GJze6ZupnHP8G/cTcsJF+bXCeQknk2SHQsgbNJnLrqiH9jZ2W4STPVXH2mDKKRX3iwPhc9Cn/Q==}
    engines: {node: '>=10'}
    hasBin: true

  tslib@2.8.1:
    resolution: {integrity: sha512-oJFu94HQb+KVduSUQL7wnpmqnfmLsOA/nAh6b6EH0wCEoK0/mPeXU6c3wKDV83MkOuHPRHtSXKKU99IBazS/2w==}

  typescript@6.0.3:
    resolution: {integrity: sha512-y2TvuxSZPDyQakkFRPZHKFm+KKVqIisdg9/CZwm9ftvKXLP8NRWj38/ODjNbr43SsoXqNuAisEf1GdCxqWcdBw==}
    engines: {node: '>=14.17'}
    hasBin: true

  zone.js@0.16.3:
    resolution: {integrity: sha512-ihXL9+vhYyEhXz4TDNpHeAOZN9FVrbog0Il64OIEI28UP/n5AaI6gsccRuOHBfx+206agzyoK527bYIO0Foy6A==}

snapshots:

  '@jridgewell/gen-mapping@0.3.13':
    dependencies:
      '@jridgewell/sourcemap-codec': 1.6.0
      '@jridgewell/trace-mapping': 0.3.31

  '@jridgewell/resolve-uri@3.1.2': {}

  '@jridgewell/source-map@0.3.11':
    dependencies:
      '@jridgewell/gen-mapping': 0.3.13
      '@jridgewell/trace-mapping': 0.3.31

  '@jridgewell/sourcemap-codec@1.6.0': {}

  '@jridgewell/trace-mapping@0.3.31':
    dependencies:
      '@jridgewell/resolve-uri': 3.1.2
      '@jridgewell/sourcemap-codec': 1.6.0

  acorn@8.18.0: {}

  buffer-from@1.1.2: {}

  commander@2.20.3: {}

  rxjs@7.8.2:
    dependencies:
      tslib: 2.8.1

  source-map-support@0.5.21:
    dependencies:
      buffer-from: 1.1.2
      source-map: 0.6.1

  source-map@0.6.1: {}

  terser@5.51.2:
    dependencies:
      '@jridgewell/source-map': 0.3.11
      acorn: 8.18.0
      commander: 2.20.3
      source-map-support: 0.5.21

  tslib@2.8.1: {}

  typescript@6.0.3: {}

  zone.js@0.16.3: {}
