# THIS IS AN AUTOGENERATED FILE. DO NOT EDIT THIS FILE DIRECTLY.
# yarn lockfile v1


ansi-styles@^3.2.1:
  version "3.2.1"
  resolved "https://registry.yarnpkg.com/ansi-styles/-/ansi-styles-3.2.1.tgz#41fbb20243e50b12be0f04b8dedbf07520ce841d"
  dependencies:
    color-convert "^1.9.0"

assertion-error@^1.0.1:
  version "1.1.0"
  resolved "https://registry.yarnpkg.com/assertion-error/-/assertion-error-1.1.0.tgz#e60b6b0e8f301bd97e5375215bda406c85118c0b"

balanced-match@^1.0.0:
  version "1.0.0"
  resolved "https://registry.yarnpkg.com/balanced-match/-/balanced-match-1.0.0.tgz#89b4d199ab2bee49de164ea02b89ce462d71b767"

brace-expansion@^1.1.7:
  version "1.1.11"
  resolved "https://registry.yarnpkg.com/brace-expansion/-/brace-expansion-1.1.11.tgz#3c7fcbf529d87226f3d2f52b966ff5271eb441dd"
  dependencies:
    balanced-match "^1.0.0"
    concat-map "0.0.1"

chai@^4.1.2:
  version "4.1.2"
  resolved "https://registry.yarnpkg.com/chai/-/chai-4.1.2.tgz#0f64584ba642f0f2ace2806279f4f06ca23ad73c"
  dependencies:
    assertion-error "^1.0.1"
    check-error "^1.0.1"
    deep-eql "^3.0.0"
    get-func-name "^2.0.0"
    pathval "^1.0.0"
    type-detect "^4.0.0"

chalk@^2.3.1:
  version "2.3.2"
  resolved "https://registry.yarnpkg.com/chalk/-/chalk-2.3.2.tgz#250dc96b07491bfd601e648d66ddf5f60c7a5c65"
  dependencies:
    ansi-styles "^3.2.1"
    escape-string-regexp "^1.0.5"
    supports-color "^5.3.0"

check-error@^1.0.1:
  version "1.0.2"
  resolved "https://registry.yarnpkg.com/check-error/-/check-error-1.0.2.tgz#574d312edd88bb5dd8912e9286dd6c0aed4aac82"

color-convert@^1.9.0:
  version "1.9.1"
  resolved "https://registry.yarnpkg.com/color-convert/-/color-convert-1.9.1.tgz#c1261107aeb2f294ebffec9ed9ecad529a6097ed"
  dependencies:
    color-name "^1.1.1"

color-name@^1.1.1:
  version "1.1.3"
  resolved "https://registry.yarnpkg.com/color-name/-/color-name-1.1.3.tgz#a7d0558bd89c42f795dd42328f740831ca53bc25"

concat-map@0.0.1:
  version "0.0.1"
  resolved "https://registry.yarnpkg.com/concat-map/-/concat-map-0.0.1.tgz#d8a96bd77fd68df7793a73036a3ba0d5405d477b"

deep-eql@^3.0.0:
  version "3.0.1"
  resolved "https://registry.yarnpkg.com/deep-eql/-/deep-eql-3.0.1.tgz#dfc9404400ad1c8fe023e7da1df1c147c4b444df"
  dependencies:
    type-detect "^4.0.0"

diff@^3.4.0:
  version "3.5.0"
  resolved "https://registry.yarnpkg.com/diff/-/diff-3.5.0.tgz#800c0dd1e0a8bfbc95835c202ad220fe317e5a12"

escape-string-regexp@^1.0.5:
  version "1.0.5"
  resolved "https://registry.yarnpkg.com/escape-string-regexp/-/escape-string-regexp-1.0.5.tgz#1b61c0562190a8dff6ae3bb2cf0200ca130b86d4"

fs.realpath@^1.0.0:
  version "1.0.0"
  resolved "https://registry.yarnpkg.com/fs.realpath/-/fs.realpath-1.0.0.tgz#1504ad2523158caa40db4a2787cb01411994ea4f"

get-func-name@^2.0.0:
  version "2.0.0"
  resolved "https://registry.yarnpkg.com/get-func-name/-/get-func-name-2.0.0.tgz#ead774abee72e20409433a066366023dd6887a41"

glob@^7.0.6:
  version "7.1.2"
  resolved "https://registry.yarnpkg.com/glob/-/glob-7.1.2.tgz#c19c9df9a028702d678612384a6552404c636d15"
  dependencies:
    fs.realpath "^1.0.0"
    inflight "^1.0.4"
    inherits "2"
    minimatch "^3.0.4"
    once "^1.3.0"
    path-is-absolute "^1.0.0"

has-flag@^3.0.0:
  version "3.0.0"
  resolved "https://registry.yarnpkg.com/has-flag/-/has-flag-3.0.0.tgz#b5d454dc2199ae225699f3467e5a07f3b955bafd"

inflight@^1.0.4:
  version "1.0.6"
  resolved "https://registry.yarnpkg.com/inflight/-/inflight-1.0.6.tgz#49bd6331d7d02d0c09bc910a1075ba8165b56df9"
  dependencies:
    once "^1.3.0"
    wrappy "1"

inherits@2:
  version "2.0.3"
  resolved "https://registry.yarnpkg.com/inherits/-/inherits-2.0.3.tgz#633c2c83e3da42a502f52466022480f4208261de"

jasmine-core@~3.1.0:
  version "3.1.0"
  resolved "https://registry.yarnpkg.com/jasmine-core/-/jasmine-core-3.1.0.tgz#a4785e135d5df65024dfc9224953df585bd2766c"

jasmine@^3.1.0:
  version "3.1.0"
  resolved "https://registry.yarnpkg.com/jasmine/-/jasmine-3.1.0.tgz#2bd59fd7ec6ec0e8acb64e09f45a68ed2ad1952a"
  dependencies:
    glob "^7.0.6"
    jasmine-core "~3.1.0"

minimatch@^3.0.4:
  version "3.0.4"
  resolved "https://registry.yarnpkg.com/minimatch/-/minimatch-3.0.4.tgz#5166e286457f03306064be5497e8dbb0c3d32083"
  dependencies:
    brace-expansion "^1.1.7"

minimist@^1.2.0:
  version "1.2.0"
  resolved "https://registry.yarnpkg.com/minimist/-/minimist-1.2.0.tgz#a35008b20f41383eec1fb914f4cd5df79a264284"

once@^1.3.0:
  version "1.4.0"
  resolved "https://registry.yarnpkg.com/once/-/once-1.4.0.tgz#583b1aa775961d4b113ac17d9c50baef9dd76bd1"
  dependencies:
    wrappy "1"

path-is-absolute@^1.0.0:
  version "1.0.1"
  resolved "https://registry.yarnpkg.com/path-is-absolute/-/path-is-absolute-1.0.1.tgz#174b9268735534ffbc7ace6bf53a5a9e1b5c5f5f"

pathval@^1.0.0:
  version "1.1.0"
  resolved "https://registry.yarnpkg.com/pathval/-/pathval-1.1.0.tgz#b942e6d4bde653005ef6b71361def8727d0645e0"

supports-color@^5.3.0:
  version "5.3.0"
  resolved "https://registry.yarnpkg.com/supports-color/-/supports-color-5.3.0.tgz#5b24ac15db80fa927cf5227a4a33fd3c4c7676c0"
  dependencies:
    has-flag "^3.0.0"

type-detect@^4.0.0:
  version "4.0.8"
  resolved "https://registry.yarnpkg.com/type-detect/-/type-detect-4.0.8.tgz#7646fb5f18871cfbb7749e69bd39a6388eb7450c"

typescript@~3.0.1:
  version "3.0.1"
  resolved "https://registry.yarnpkg.com/typescript/-/typescript-3.0.1.tgz#43738f29585d3a87575520a4b93ab6026ef11fdb"

wrappy@1:
  version "1.0.2"
  resolved "https://registry.yarnpkg.com/wrappy/-/wrappy-1.0.2.tgz#b5243d8f3ec1aa35f1364605bc0d1036e30ab69f"
