# This file is automatically @generated by Cargo.
# It is not intended for manual editing.
version = 4

[[package]]
name = "aho-corasick"
version = "1.1.5"
source = "registry+https://github.com/rust-lang/crates.io-index"
checksum = "c982642fa9e8606056828ee9a8505737230110bb1099153c79efe865c59d12ba"
dependencies = [
 "memchr",
]

[[package]]
name = "allocator-api2"
version = "0.2.21"
source = "registry+https://github.com/rust-lang/crates.io-index"
checksum = "683d7910e743518b0e34f1186f92494becacb047c7b6bf616c96772180fef923"

[[package]]
name = "arrayvec"
version = "0.7.8"
source = "registry+https://github.com/rust-lang/crates.io-index"
checksum = "d3fb67a6e08acf24fdeccbac2cb6ac4305825bd1f117462e0e6f2f193345ad56"

[[package]]
name = "autocfg"
version = "1.5.1"
source = "registry+https://github.com/rust-lang/crates.io-index"
checksum = "f2032f911046de80f0a198e0901378627c33f59ea0ac00e363d481118bd70a53"

[[package]]
name = "bitflags"
version = "2.13.2"
source = "registry+https://github.com/rust-lang/crates.io-index"
checksum = "3ded4057c258ba199e2d26386d3af3780957ecaee6c4ef4041c6b4b8b97c0b06"
dependencies = [
 "serde_core",
]

[[package]]
name = "bumpalo"
version = "3.20.3"
source = "registry+https://github.com/rust-lang/crates.io-index"
checksum = "72f5acc6cb2ba439de613abc23857ec3d78374d8ed5ac84e9d11336e87da8649"

[[package]]
name = "bytecount"
version = "0.6.9"
source = "registry+https://github.com/rust-lang/crates.io-index"
checksum = "175812e0be2bccb6abe50bb8d566126198344f707e304f45c648fd8f2cc0365e"

[[package]]
name = "castaway"
version = "0.2.4"
source = "registry+https://github.com/rust-lang/crates.io-index"
checksum = "dec551ab6e7578819132c713a93c022a05d60159dc86e7a7050223577484c55a"
dependencies = [
 "rustversion",
]

[[package]]
name = "cfg-if"
version = "1.0.5"
source = "registry+https://github.com/rust-lang/crates.io-index"
checksum = "4e7648175b45a9a48536d676f68d918270699102aa8dab5496df06904c914600"

[[package]]
name = "compact_str"
version = "0.10.0"
source = "registry+https://github.com/rust-lang/crates.io-index"
checksum = "79fcda08c33bb58b97008b2cdada6622500e949e060f5913361763121abd2416"
dependencies = [
 "castaway",
 "cfg-if",
 "itoa",
 "serde",
 "static_assertions",
 "zmij",
]

[[package]]
name = "convert_case"
version = "0.12.0"
source = "registry+https://github.com/rust-lang/crates.io-index"
checksum = "1af709f1f33454bf52eadfc8c78b3b9ef9cb26fb54d16dc9cd9a7299f899fd1b"
dependencies = [
 "unicode-segmentation",
]

[[package]]
name = "cow-utils"
version = "0.1.3"
source = "registry+https://github.com/rust-lang/crates.io-index"
checksum = "417bef24afe1460300965a25ff4a24b8b45ad011948302ec221e8a0a81eb2c79"

[[package]]
name = "crossbeam-utils"
version = "0.8.23"
source = "registry+https://github.com/rust-lang/crates.io-index"
checksum = "a31eee39dddec8330830986fcd7625edb5a24ec90ea038215273bbc3adb08ac6"

[[package]]
name = "ctor"
version = "1.0.13"
source = "registry+https://github.com/rust-lang/crates.io-index"
checksum = "914a755b7c2d4af2bdcff7ce1739e2db9a1b81a9b07123d8015786ae03c0980d"

[[package]]
name = "dashmap"
version = "6.2.1"
source = "registry+https://github.com/rust-lang/crates.io-index"
checksum = "e6361d5c062261c78a176addb82d4c821ae42bed6089de0e12603cd25de2059c"
dependencies = [
 "cfg-if",
 "crossbeam-utils",
 "hashbrown 0.14.5",
 "lock_api",
 "once_cell",
 "parking_lot_core",
]

[[package]]
name = "displaydoc"
version = "0.2.7"
source = "registry+https://github.com/rust-lang/crates.io-index"
checksum = "c6232dd377dcc64799954cbd3a9bb882e9cdc1308ccd87b1c098f1fb2eaf82a8"
dependencies = [
 "proc-macro2",
 "quote",
 "syn 3.0.6",
]

[[package]]
name = "dragonbox_ecma"
version = "0.1.12"
source = "registry+https://github.com/rust-lang/crates.io-index"
checksum = "fd8e701084c37e7ef62d3f9e453b618130cbc0ef3573847785952a3ac3f746bf"

[[package]]
name = "either"
version = "1.19.0"
source = "registry+https://github.com/rust-lang/crates.io-index"
checksum = "0e9c71c2167ca323c882b99918929403426e2373ea17242ff5653e0d5e1058be"

[[package]]
name = "equivalent"
version = "1.0.2"
source = "registry+https://github.com/rust-lang/crates.io-index"
checksum = "877a4ace8713b0bcf2a4e7eec82529c029f1d0619886d18145fea96c3ffe5c0f"

[[package]]
name = "errno"
version = "0.3.14"
source = "registry+https://github.com/rust-lang/crates.io-index"
checksum = "39cab71617ae0d63f51a36d69f866391735b51691dbda63cf6f96d042b63efeb"
dependencies = [
 "libc",
 "windows-sys",
]

[[package]]
name = "fast-glob"
version = "1.1.2"
source = "registry+https://github.com/rust-lang/crates.io-index"
checksum = "2a044ed96eb57253e806d08b74260638af189687e583f04947a5e11e75e0b0d1"
dependencies = [
 "arrayvec",
]

[[package]]
name = "fastrand"
version = "2.5.0"
source = "registry+https://github.com/rust-lang/crates.io-index"
checksum = "da7c62ceae207dd37ea5b845da6a0696c799f85e97da1ab5b7910be3c1c80223"

[[package]]
name = "float-cmp"
version = "0.10.0"
source = "registry+https://github.com/rust-lang/crates.io-index"
checksum = "b09cf3155332e944990140d967ff5eceb70df778b34f77d8075db46e4704e6d8"
dependencies = [
 "num-traits",
]

[[package]]
name = "foldhash"
version = "0.2.0"
source = "registry+https://github.com/rust-lang/crates.io-index"
checksum = "77ce24cb58228fbb8aa041425bb1050850ac19177686ea6e0f41a70416f56fdb"

[[package]]
name = "futures"
version = "0.3.34"
source = "registry+https://github.com/rust-lang/crates.io-index"
checksum = "9a31d2a3fbaaeb2af2368bbdd904aa8e812d3c04a1ee10d3171f52d556e5d0a3"
dependencies = [
 "futures-channel",
 "futures-core",
 "futures-executor",
 "futures-io",
 "futures-sink",
 "futures-task",
 "futures-util",
]

[[package]]
name = "futures-channel"
version = "0.3.34"
source = "registry+https://github.com/rust-lang/crates.io-index"
checksum = "b1f9e3d69d39e4862ffed03ed071a76f9a13ba1d9109d355b0f0aa6b15e393c4"
dependencies = [
 "futures-core",
 "futures-sink",
]

[[package]]
name = "futures-core"
version = "0.3.34"
source = "registry+https://github.com/rust-lang/crates.io-index"
checksum = "92d699e522242e69e3003b94ecc1f960f3a5e015aa7c5d7486e65ad01dd94f5e"

[[package]]
name = "futures-executor"
version = "0.3.34"
source = "registry+https://github.com/rust-lang/crates.io-index"
checksum = "031b47cf1a3c6cc8bc2fc76cd437f521619387907d469316e7c0bc278f1f5432"
dependencies = [
 "futures-core",
 "futures-task",
 "futures-util",
]

[[package]]
name = "futures-io"
version = "0.3.34"
source = "registry+https://github.com/rust-lang/crates.io-index"
checksum = "53c0fa8157de1303bfffdaa1cc2a673bfffb60102f76b0ef4441659124373fed"

[[package]]
name = "futures-macro"
version = "0.3.34"
source = "registry+https://github.com/rust-lang/crates.io-index"
checksum = "9fb9654ba8355388abeb8dcb4fc62f511300867002afc858860463bdd9fe0c44"
dependencies = [
 "proc-macro2",
 "quote",
 "syn 3.0.6",
]

[[package]]
name = "futures-sink"
version = "0.3.34"
source = "registry+https://github.com/rust-lang/crates.io-index"
checksum = "1944426bf7d03f1d14f708785e4b33efd750b36d48a157b836b3efc15ede8e1d"

[[package]]
name = "futures-task"
version = "0.3.34"
source = "registry+https://github.com/rust-lang/crates.io-index"
checksum = "cd417de3d1d015fc3bfd2b1ea46dfc7bab72ef86f1cc7cc9c78e728b34a6d1fd"

[[package]]
name = "futures-util"
version = "0.3.34"
source = "registry+https://github.com/rust-lang/crates.io-index"
checksum = "0d50a92467f8ba5dd6e3ee5d4bd04d73ab2e4e1c44474a0674821dfce14b79bc"
dependencies = [
 "futures-channel",
 "futures-core",
 "futures-io",
 "futures-macro",
 "futures-sink",
 "futures-task",
 "memchr",
 "pin-project-lite",
 "slab",
]

[[package]]
name = "getrandom"
version = "0.4.3"
source = "registry+https://github.com/rust-lang/crates.io-index"
checksum = "300e883d756b2e4ec94e02791f39b04b522276138852cfc41d9fb7e904106099"
dependencies = [
 "cfg-if",
 "libc",
 "r-efi",
]

[[package]]
name = "glob"
version = "0.3.4"
source = "registry+https://github.com/rust-lang/crates.io-index"
checksum = "e4eba85ea1d0a966a983acd07deee566e67395d2d96b6fb39e62b5a833f1eb0b"

[[package]]
name = "halfbrown"
version = "0.4.0"
source = "registry+https://github.com/rust-lang/crates.io-index"
checksum = "0c7ed2f2edad8a14c8186b847909a41fbb9c3eafa44f88bd891114ed5019da09"
dependencies = [
 "hashbrown 0.16.1",
]

[[package]]
name = "hashbrown"
version = "0.14.5"
source = "registry+https://github.com/rust-lang/crates.io-index"
checksum = "e5274423e17b7c9fc20b6e7e208532f9b19825d82dfd615708b70edd83df41f1"

[[package]]
name = "hashbrown"
version = "0.16.1"
source = "registry+https://github.com/rust-lang/crates.io-index"
checksum = "841d1cc9bed7f9236f321df977030373f4a4163ae1a7dbfe1a51a2c1a51d9100"
dependencies = [
 "allocator-api2",
 "equivalent",
 "foldhash",
]

[[package]]
name = "hashbrown"
version = "0.17.1"
source = "registry+https://github.com/rust-lang/crates.io-index"
checksum = "ed5909b6e89a2db4456e54cd5f673791d7eca6732202bbf2a9cc504fe2f9b84a"
dependencies = [
 "allocator-api2",
]

[[package]]
name = "icu_collections"
version = "2.3.0"
source = "registry+https://github.com/rust-lang/crates.io-index"
checksum = "fa68d21081c4a05d5a901a1c62add574c77048b6a1c67be3b50ce0b60d4ca513"
dependencies = [
 "displaydoc",
 "potential_utf",
 "utf8_iter",
 "yoke",
 "zerofrom",
 "zerovec",
]

[[package]]
name = "icu_locale_core"
version = "2.3.0"
source = "registry+https://github.com/rust-lang/crates.io-index"
checksum = "d56e28588da92eee5c3201a6eff33fabdd49b62269c8938d4ff050ce4d900deb"
dependencies = [
 "displaydoc",
 "litemap",
 "serde",
 "tinystr",
 "writeable",
 "zerovec",
]

[[package]]
name = "icu_locale_fallback"
version = "2.3.0"
source = "registry+https://github.com/rust-lang/crates.io-index"
checksum = "251af8e57c9400e3eb58242fe5b8b1152b2a64fdf4cf632f923c38ccee6f2fa9"
dependencies = [
 "icu_locale_core",
 "icu_locale_fallback_data",
 "icu_provider",
 "potential_utf",
 "tinystr",
 "zerovec",
]

[[package]]
name = "icu_locale_fallback_data"
version = "2.3.0"
source = "registry+https://github.com/rust-lang/crates.io-index"
checksum = "decf2a22ec8fa68f1a0c1129a3f8583f8f8bc24e8b9ccbe98ead99f62a4dc3a8"

[[package]]
name = "icu_provider"
version = "2.3.1"
source = "registry+https://github.com/rust-lang/crates.io-index"
checksum = "d27bbb9d3abbefac45d55f647c9de1d44aafcd1186eb91879afef17c396c3e73"
dependencies = [
 "displaydoc",
 "icu_locale_core",
 "serde",
 "stable_deref_trait",
 "writeable",
 "yoke",
 "zerofrom",
 "zerotrie",
 "zerovec",
]

[[package]]
name = "icu_segmenter"
version = "2.3.0"
source = "registry+https://github.com/rust-lang/crates.io-index"
checksum = "82d07aafccd67af15d02512a6adf5896fbc5ed00f2e99b471d2efa14016db3db"
dependencies = [
 "icu_collections",
 "icu_locale_fallback",
 "icu_provider",
 "icu_segmenter_data",
 "potential_utf",
 "smallvec",
 "utf8_iter",
 "zerovec",
]

[[package]]
name = "icu_segmenter_data"
version = "2.3.0"
source = "registry+https://github.com/rust-lang/crates.io-index"
checksum = "ae293c039020f9ec10710af98d29ce6aa2051486638b49c9a6409f3b4a9e98ad"

[[package]]
name = "indexmap"
version = "2.14.2"
source = "registry+https://github.com/rust-lang/crates.io-index"
checksum = "cc4e190f5d26ca7051642629da2c52fc03bde85a03197c99408dcd291734c855"
dependencies = [
 "equivalent",
 "hashbrown 0.17.1",
 "serde",
 "serde_core",
]

[[package]]
name = "itertools"
version = "0.15.0"
source = "registry+https://github.com/rust-lang/crates.io-index"
checksum = "8b4baf93f58d4425749ca49a51c50ebab072c5df6994d08fed93541c331481dc"
dependencies = [
 "either",
]

[[package]]
name = "itoa"
version = "1.0.18"
source = "registry+https://github.com/rust-lang/crates.io-index"
checksum = "8f42a60cbdf9a97f5d2305f08a87dc4e09308d1276d28c869c684d7777685682"

[[package]]
name = "js-sys"
version = "0.3.98"
source = "registry+https://github.com/rust-lang/crates.io-index"
checksum = "67df7112613f8bfd9150013a0314e196f4800d3201ae742489d999db2f979f08"
dependencies = [
 "cfg-if",
 "futures-util",
 "once_cell",
 "wasm-bindgen",
]

[[package]]
name = "json-strip-comments"
version = "3.1.2"
source = "registry+https://github.com/rust-lang/crates.io-index"
checksum = "01ed659c5f428031b9c1fb7de6729af2eb491654d4bcd416a5b5b704986b9658"
dependencies = [
 "memchr",
]

[[package]]
name = "libc"
version = "0.2.190"
source = "registry+https://github.com/rust-lang/crates.io-index"
checksum = "ce5d3ddc6d3fa000eb1536d85e147bfe31aacaba692ed6a876f95cb7c855be78"

[[package]]
name = "libloading"
version = "0.9.0"
source = "registry+https://github.com/rust-lang/crates.io-index"
checksum = "754ca22de805bb5744484a5b151a9e1a8e837d5dc232c2d7d8c2e3492edc8b60"
dependencies = [
 "cfg-if",
 "windows-link",
]

[[package]]
name = "linux-raw-sys"
version = "0.12.1"
source = "registry+https://github.com/rust-lang/crates.io-index"
checksum = "32a66949e030da00e8c7d4434b251670a91556f4144941d37452769c25d58a53"

[[package]]
name = "litemap"
version = "0.8.3"
source = "registry+https://github.com/rust-lang/crates.io-index"
checksum = "47d9d19d1d6efa0109d2f65ff4c85cddd50bd572e5a00127ab10987290bcefae"

[[package]]
name = "lock_api"
version = "0.4.14"
source = "registry+https://github.com/rust-lang/crates.io-index"
checksum = "224399e74b87b5f3557511d98dff8b14089b3dadafcab6bb93eab67d3aace965"
dependencies = [
 "scopeguard",
]

[[package]]
name = "memchr"
version = "2.8.3"
source = "registry+https://github.com/rust-lang/crates.io-index"
checksum = "cf8baf1c55e62ffcace7a9f06f4bd9cd3f0c4beb022d3b367256b91b87513d98"

[[package]]
name = "napi"
version = "3.14.2"
source = "registry+https://github.com/rust-lang/crates.io-index"
checksum = "a4e2cf85c02d9b057898c485b824c3c416b65193689e2b7f517efc94b86ed24c"
dependencies = [
 "bitflags",
 "ctor",
 "futures",
 "libc",
 "napi-build",
 "napi-sys",
 "nohash-hasher",
 "rustc-hash",
 "tokio",
]

[[package]]
name = "napi-build"
version = "2.6.0"
source = "registry+https://github.com/rust-lang/crates.io-index"
checksum = "b899b545d3aa6dca985939059f258c5488d34e4ecf39c274e20009748f4b846d"

[[package]]
name = "napi-derive"
version = "3.6.12"
source = "registry+https://github.com/rust-lang/crates.io-index"
checksum = "92cec6048ac04041ac8055bdce1ec4f353416cd443ba9222bf73af790c3d4495"
dependencies = [
 "convert_case",
 "ctor",
 "napi-derive-backend",
 "proc-macro2",
 "quote",
 "syn 3.0.6",
]

[[package]]
name = "napi-derive-backend"
version = "6.1.5"
source = "registry+https://github.com/rust-lang/crates.io-index"
checksum = "fae2444f4ba7333754bb73414ff8059dec2cb23b83a95bd1a0bf08169eed1be0"
dependencies = [
 "convert_case",
 "proc-macro2",
 "quote",
 "semver",
 "syn 3.0.6",
]

[[package]]
name = "napi-sys"
version = "3.4.0"
source = "registry+https://github.com/rust-lang/crates.io-index"
checksum = "e22a4f25c16a5c5411d987cd6fbd48313522ae1789ade2d6dd3efdc6d40a0fc8"
dependencies = [
 "libloading",
]

[[package]]
name = "ng-analyze"
version = "0.1.0"
dependencies = [
 "futures",
 "glob",
 "js-sys",
 "json-strip-comments",
 "napi",
 "napi-build",
 "napi-derive",
 "oxc-miette-derive",
 "oxc_allocator",
 "oxc_ast",
 "oxc_ast_visit",
 "oxc_diagnostics",
 "oxc_parser",
 "oxc_resolver",
 "oxc_semantic",
 "oxc_span",
 "oxc_syntax",
 "pathdiff",
 "regex",
 "self_cell",
 "serde",
 "serde_json",
 "tempfile",
 "wasm-bindgen",
]

[[package]]
name = "nodejs-built-in-modules"
version = "1.0.0"
source = "registry+https://github.com/rust-lang/crates.io-index"
checksum = "a5eb86a92577833b75522336f210c49d9ebd7dd55a44d80a92e68c668a75f27c"

[[package]]
name = "nohash-hasher"
version = "0.2.0"
source = "registry+https://github.com/rust-lang/crates.io-index"
checksum = "2bf50223579dc7cdcfb3bfcacf7069ff68243f8c363f62ffa99cf000a6b9c451"

[[package]]
name = "nonmax"
version = "0.5.5"
source = "registry+https://github.com/rust-lang/crates.io-index"
checksum = "610a5acd306ec67f907abe5567859a3c693fb9886eb1f012ab8f2a47bef3db51"

[[package]]
name = "num-bigint"
version = "0.5.1"
source = "registry+https://github.com/rust-lang/crates.io-index"
checksum = "93e7820bc0a80a0238e650327316f929ba18d5be054b647490a3a6a339f3e7c0"
dependencies = [
 "num-integer",
 "num-traits",
]

[[package]]
name = "num-integer"
version = "0.1.47"
source = "registry+https://github.com/rust-lang/crates.io-index"
checksum = "7ce2d95d4b3734dc35aa2f45e1aa22cd416814592a4f9d9205e11affd5b8e10b"
dependencies = [
 "num-traits",
]

[[package]]
name = "num-traits"
version = "0.2.19"
source = "registry+https://github.com/rust-lang/crates.io-index"
checksum = "071dfc062690e90b734c0b2273ce72ad0ffa95f0c74596bc250dcfd960262841"
dependencies = [
 "autocfg",
]

[[package]]
name = "once_cell"
version = "1.21.4"
source = "registry+https://github.com/rust-lang/crates.io-index"
checksum = "9f7c3e4beb33f85d45ae3e3a1792185706c8e16d043238c593331cc7cd313b50"

[[package]]
name = "owo-colors"
version = "4.4.0"
source = "registry+https://github.com/rust-lang/crates.io-index"
checksum = "13c45bb4a6ae1280ec0803b1ef9d3455eb50f01efbbe1447ab020f1d54fba9d8"

[[package]]
name = "oxc-miette"
version = "4.0.0"
source = "registry+https://github.com/rust-lang/crates.io-index"
checksum = "330e07b3807046e0afa8fcc94f1fe976e93831b370d148bfe1168cb53da1b913"
dependencies = [
 "bytecount",
 "memchr",
 "owo-colors",
 "textwrap",
 "unicode-segmentation",
 "unicode-width",
]

[[package]]
name = "oxc-miette-derive"
version = "3.0.1"
source = "registry+https://github.com/rust-lang/crates.io-index"
checksum = "acc072d11d45ebe7801459b4e829184ba0934d68027fdc51d327335b53a95a49"
dependencies = [
 "proc-macro2",
 "quote",
 "syn 2.0.119",
]

[[package]]
name = "oxc_allocator"
version = "0.144.0"
source = "registry+https://github.com/rust-lang/crates.io-index"
checksum = "9262c7bbd58c8c32c2c60d1a7b6c274cd2aeaff1b726a2fb86081b75084698cb"
dependencies = [
 "allocator-api2",
 "hashbrown 0.17.1",
 "oxc_data_structures",
 "oxc_estree",
 "rustc-hash",
 "serde",
]

[[package]]
name = "oxc_ast"
version = "0.144.0"
source = "registry+https://github.com/rust-lang/crates.io-index"
checksum = "e8134809b665d524d9a0ddeee87a5d3602776aa2410a10a0439fd25eeb594a5d"
dependencies = [
 "bitflags",
 "oxc_allocator",
 "oxc_ast_macros",
 "oxc_data_structures",
 "oxc_diagnostics",
 "oxc_estree",
 "oxc_regular_expression",
 "oxc_span",
 "oxc_str",
 "oxc_syntax",
]

[[package]]
name = "oxc_ast_macros"
version = "0.144.0"
source = "registry+https://github.com/rust-lang/crates.io-index"
checksum = "ac120c6863a9d036c78a42a5e4d2f58bb27c5df795d61d904f6e19e48c681a37"
dependencies = [
 "phf",
 "proc-macro2",
 "quote",
 "syn 3.0.6",
]

[[package]]
name = "oxc_ast_visit"
version = "0.144.0"
source = "registry+https://github.com/rust-lang/crates.io-index"
checksum = "4a57626cd6ef87f5173110a301868e3c438fd8e0576f489d9a61540ef133f686"
dependencies = [
 "oxc_allocator",
 "oxc_ast",
 "oxc_span",
 "oxc_syntax",
]

[[package]]
name = "oxc_data_structures"
version = "0.144.0"
source = "registry+https://github.com/rust-lang/crates.io-index"
checksum = "2a71efea56db93d3ce9e88e1d9f74f6d50fc2b06092444cdd08579f5827fd8db"

[[package]]
name = "oxc_diagnostics"
version = "0.144.0"
source = "registry+https://github.com/rust-lang/crates.io-index"
checksum = "e5ff8638533094ecdcd38a63930c003c261d81650e4531c3bc805c797aec2a52"
dependencies = [
 "cow-utils",
 "memchr",
 "oxc-miette",
 "percent-encoding",
 "smallvec",
]

[[package]]
name = "oxc_ecmascript"
version = "0.144.0"
source = "registry+https://github.com/rust-lang/crates.io-index"
checksum = "77c7a326f49f06da37affdcad2fb3ebab46ac4ada8953a428f7cbd04e5cc9e6e"
dependencies = [
 "dragonbox_ecma",
 "itoa",
 "num-bigint",
 "num-traits",
 "oxc_ast",
 "oxc_data_structures",
 "oxc_span",
 "oxc_syntax",
]

[[package]]
name = "oxc_estree"
version = "0.144.0"
source = "registry+https://github.com/rust-lang/crates.io-index"
checksum = "8275fcb9674a1c320f0bdbc2f534ba9bb09fcb8b1c9fe306c9595d262a06bfcb"
dependencies = [
 "dragonbox_ecma",
 "itoa",
 "oxc_data_structures",
]

[[package]]
name = "oxc_index"
version = "5.0.0"
source = "registry+https://github.com/rust-lang/crates.io-index"
checksum = "191884bee6c3744909a51acc7d78d4ae370d817b25875b10642f632327b6296e"
dependencies = [
 "nonmax",
 "serde",
]

[[package]]
name = "oxc_parser"
version = "0.144.0"
source = "registry+https://github.com/rust-lang/crates.io-index"
checksum = "d13016de81370106ea4065cfabe4a278dc09e82523cfe22bb6a8ab8e993b4c3a"
dependencies = [
 "bitflags",
 "cow-utils",
 "memchr",
 "num-bigint",
 "num-traits",
 "oxc_allocator",
 "oxc_ast",
 "oxc_data_structures",
 "oxc_diagnostics",
 "oxc_ecmascript",
 "oxc_regular_expression",
 "oxc_span",
 "oxc_str",
 "oxc_syntax",
 "rustc-hash",
 "seq-macro",
]

[[package]]
name = "oxc_regular_expression"
version = "0.144.0"
source = "registry+https://github.com/rust-lang/crates.io-index"
checksum = "c375b89d88ec03301b0e62528715699551871861197aa39148e95a1422e1ae9b"
dependencies = [
 "bitflags",
 "oxc_allocator",
 "oxc_ast_macros",
 "oxc_diagnostics",
 "oxc_span",
 "oxc_str",
 "phf",
 "rustc-hash",
 "unicode-id-start",
]

[[package]]
name = "oxc_resolver"
version = "11.24.3"
source = "registry+https://github.com/rust-lang/crates.io-index"
checksum = "2c7fd0839a5ecee17c0d2c88c8006e8ab4dff25d4a79e3a0bf7a9f0cce17f4e3"
dependencies = [
 "compact_str",
 "dashmap",
 "fast-glob",
 "indexmap",
 "json-strip-comments",
 "memchr",
 "nodejs-built-in-modules",
 "once_cell",
 "percent-encoding",
 "rustc-hash",
 "rustix",
 "self_cell",
 "serde",
 "serde_json",
 "simd-json",
 "simdutf8",
 "thiserror",
 "tracing",
 "windows",
]

[[package]]
name = "oxc_semantic"
version = "0.144.0"
source = "registry+https://github.com/rust-lang/crates.io-index"
checksum = "0d8d80604c4220c8f5b1c19682216921397fb45a616db47d3a044474662f0c2e"
dependencies = [
 "itertools",
 "memchr",
 "oxc_allocator",
 "oxc_ast",
 "oxc_ast_visit",
 "oxc_data_structures",
 "oxc_diagnostics",
 "oxc_ecmascript",
 "oxc_index",
 "oxc_span",
 "oxc_str",
 "oxc_syntax",
 "rustc-hash",
 "self_cell",
 "smallvec",
]

[[package]]
name = "oxc_span"
version = "0.144.0"
source = "registry+https://github.com/rust-lang/crates.io-index"
checksum = "abd732008dbfb09984106925f7ff7268687c8020b89bd7ee0f0b695c5bb07950"
dependencies = [
 "compact_str",
 "oxc-miette",
 "oxc_allocator",
 "oxc_ast_macros",
 "oxc_estree",
 "oxc_str",
 "serde",
]

[[package]]
name = "oxc_str"
version = "0.144.0"
source = "registry+https://github.com/rust-lang/crates.io-index"
checksum = "e1d2ccb0f5aa4da9fc98ef70f59553c2779e28e064a8b271fcb1e88c11a63607"
dependencies = [
 "compact_str",
 "hashbrown 0.17.1",
 "oxc_allocator",
 "oxc_estree",
 "serde",
]

[[package]]
name = "oxc_syntax"
version = "0.144.0"
source = "registry+https://github.com/rust-lang/crates.io-index"
checksum = "15ff0e987ab15a71dae36fd544b9859513e76639e2cc6c5e25895081162755b1"
dependencies = [
 "bitflags",
 "cow-utils",
 "dragonbox_ecma",
 "nonmax",
 "oxc_allocator",
 "oxc_ast_macros",
 "oxc_estree",
 "oxc_index",
 "oxc_span",
 "oxc_str",
 "phf",
 "serde",
 "unicode-id-start",
]

[[package]]
name = "parking_lot_core"
version = "0.9.12"
source = "registry+https://github.com/rust-lang/crates.io-index"
checksum = "2621685985a2ebf1c516881c026032ac7deafcda1a2c9b7850dc81e3dfcb64c1"
dependencies = [
 "cfg-if",
 "libc",
 "redox_syscall",
 "smallvec",
 "windows-link",
]

[[package]]
name = "pathdiff"
version = "0.2.3"
source = "registry+https://github.com/rust-lang/crates.io-index"
checksum = "df94ce210e5bc13cb6651479fa48d14f601d9858cfe0467f43ae157023b938d3"

[[package]]
name = "percent-encoding"
version = "2.3.2"
source = "registry+https://github.com/rust-lang/crates.io-index"
checksum = "9b4f627cb1b25917193a259e49bdad08f671f8d9708acfd5fe0a8c1455d87220"

[[package]]
name = "phf"
version = "0.14.0"
source = "registry+https://github.com/rust-lang/crates.io-index"
checksum = "010378780309880b08997fae13be7834dba947d36393bd372f2b1556deb2a2f6"
dependencies = [
 "phf_macros",
 "phf_shared",
 "serde",
]

[[package]]
name = "phf_generator"
version = "0.14.0"
source = "registry+https://github.com/rust-lang/crates.io-index"
checksum = "aeb62e0959d5a1bebc965f4d15d9e2b7cea002b6b0f5ba8cde6cc26738467100"
dependencies = [
 "fastrand",
 "phf_shared",
]

[[package]]
name = "phf_macros"
version = "0.14.0"
source = "registry+https://github.com/rust-lang/crates.io-index"
checksum = "5fa8d0ca26d424d27630da600c6624696e7dec8bf7b3b492b383c5dc49e5e085"
dependencies = [
 "phf_generator",
 "phf_shared",
 "proc-macro2",
 "quote",
 "syn 2.0.119",
]

[[package]]
name = "phf_shared"
version = "0.14.0"
source = "registry+https://github.com/rust-lang/crates.io-index"
checksum = "c6fd9027e2d9319be6349febd1db4e8d02aa544921200c9b777720ac34a3aa89"
dependencies = [
 "siphasher",
]

[[package]]
name = "pin-project-lite"
version = "0.2.17"
source = "registry+https://github.com/rust-lang/crates.io-index"
checksum = "a89322df9ebe1c1578d689c92318e070967d1042b512afbe49518723f4e6d5cd"

[[package]]
name = "potential_utf"
version = "0.1.6"
source = "registry+https://github.com/rust-lang/crates.io-index"
checksum = "d83eb9bc6d8e5cf568e7a1101d60ee05e81ed50ea106026f3d18deeb046d7661"
dependencies = [
 "serde_core",
 "writeable",
 "zerovec",
]

[[package]]
name = "proc-macro2"
version = "1.0.107"
source = "registry+https://github.com/rust-lang/crates.io-index"
checksum = "985e7ec9bb745e6ce6535b544d84d6cd6f7ad8bd711c398938ae983b91a766d9"
dependencies = [
 "unicode-ident",
]

[[package]]
name = "quote"
version = "1.0.47"
source = "registry+https://github.com/rust-lang/crates.io-index"
checksum = "1fbf4db142a473a8d80c26bbf18454ed458bf8d26c8219c331daecfdbd079001"
dependencies = [
 "proc-macro2",
]

[[package]]
name = "r-efi"
version = "6.0.0"
source = "registry+https://github.com/rust-lang/crates.io-index"
checksum = "f8dcc9c7d52a811697d2151c701e0d08956f92b0e24136cf4cf27b57a6a0d9bf"

[[package]]
name = "redox_syscall"
version = "0.5.18"
source = "registry+https://github.com/rust-lang/crates.io-index"
checksum = "ed2bf2547551a7053d6fdfafda3f938979645c44812fbfcda098faae3f1a362d"
dependencies = [
 "bitflags",
]

[[package]]
name = "ref-cast"
version = "1.0.27"
source = "registry+https://github.com/rust-lang/crates.io-index"
checksum = "7e440fb4e4b4147295338efb76001ab9e4efc0e5839df2c47fc5ac2381d365c3"
dependencies = [
 "ref-cast-impl",
]

[[package]]
name = "ref-cast-impl"
version = "1.0.27"
source = "registry+https://github.com/rust-lang/crates.io-index"
checksum = "92ecd8964f8453721699a1ed72037b0db49ce2f5a5138486ee89bed6f67cdf3a"
dependencies = [
 "proc-macro2",
 "quote",
 "syn 3.0.6",
]

[[package]]
name = "regex"
version = "1.13.1"
source = "registry+https://github.com/rust-lang/crates.io-index"
checksum = "f020237b6c8eed93db2e2cb53c00c60a8e1bc73da7d073199a1180401450218d"
dependencies = [
 "aho-corasick",
 "memchr",
 "regex-automata",
 "regex-syntax",
]

[[package]]
name = "regex-automata"
version = "0.4.18"
source = "registry+https://github.com/rust-lang/crates.io-index"
checksum = "ad8553b9b26413251cbf30e620595c7a41b3887f03da04579c0e6b0d6a06b4b2"
dependencies = [
 "aho-corasick",
 "memchr",
 "regex-syntax",
]

[[package]]
name = "regex-syntax"
version = "0.8.11"
source = "registry+https://github.com/rust-lang/crates.io-index"
checksum = "d6f6ff9a378485b298a5286656da665ba74413d36db0979633275d2e708145d4"

[[package]]
name = "rustc-hash"
version = "2.1.3"
source = "registry+https://github.com/rust-lang/crates.io-index"
checksum = "6b1e7f9a428571be2dc5bc0505c13fb6bf936822b894ec87abf8a08a4e51742d"

[[package]]
name = "rustix"
version = "1.1.5"
source = "registry+https://github.com/rust-lang/crates.io-index"
checksum = "891efababe418670775f199f0d233d84843c227a0949a883ce15b37c78d6629d"
dependencies = [
 "bitflags",
 "errno",
 "libc",
 "linux-raw-sys",
 "windows-sys",
]

[[package]]
name = "rustversion"
version = "1.0.23"
source = "registry+https://github.com/rust-lang/crates.io-index"
checksum = "cf54715a573b99ac80df0bc206da022bcd442c974952c7b9720069370852e21f"

[[package]]
name = "ryu"
version = "1.0.23"
source = "registry+https://github.com/rust-lang/crates.io-index"
checksum = "9774ba4a74de5f7b1c1451ed6cd5285a32eddb5cccb8cc655a4e50009e06477f"

[[package]]
name = "scopeguard"
version = "1.2.0"
source = "registry+https://github.com/rust-lang/crates.io-index"
checksum = "94143f37725109f92c262ed2cf5e59bce7498c01bcc1502d7b9afe439a4e9f49"

[[package]]
name = "self_cell"
version = "1.3.0"
source = "registry+https://github.com/rust-lang/crates.io-index"
checksum = "2ab42ca02749e120097e328d91d415325bdf43b1c72c4c8badf37375fe40a813"

[[package]]
name = "semver"
version = "1.0.28"
source = "registry+https://github.com/rust-lang/crates.io-index"
checksum = "8a7852d02fc848982e0c167ef163aaff9cd91dc640ba85e263cb1ce46fae51cd"

[[package]]
name = "seq-macro"
version = "0.3.6"
source = "registry+https://github.com/rust-lang/crates.io-index"
checksum = "1bc711410fbe7399f390ca1c3b60ad0f53f80e95c5eb935e52268a0e2cd49acc"

[[package]]
name = "serde"
version = "1.0.229"
source = "registry+https://github.com/rust-lang/crates.io-index"
checksum = "4148590afebada386688f18773da617792bf2ef03ffc1e4cbd2b1d45b023e0ba"
dependencies = [
 "serde_core",
 "serde_derive",
]

[[package]]
name = "serde_core"
version = "1.0.229"
source = "registry+https://github.com/rust-lang/crates.io-index"
checksum = "67dca2c9c51e58a4791a4b1ed58308b39c64224d349a935ab5039aa360942a48"
dependencies = [
 "serde_derive",
]

[[package]]
name = "serde_derive"
version = "1.0.229"
source = "registry+https://github.com/rust-lang/crates.io-index"
checksum = "e7a5d71263a5a7d47b41f6b3f06ba276f10cc18b0931f1799f710578e2309348"
dependencies = [
 "proc-macro2",
 "quote",
 "syn 3.0.6",
]

[[package]]
name = "serde_json"
version = "1.0.151"
source = "registry+https://github.com/rust-lang/crates.io-index"
checksum = "c841b55ecdae098c80dcae9cf767f6f8a0c2cdb3416bbef72181df4d0fe73f14"
dependencies = [
 "indexmap",
 "itoa",
 "memchr",
 "serde",
 "serde_core",
 "zmij",
]

[[package]]
name = "simd-json"
version = "0.18.1"
source = "registry+https://github.com/rust-lang/crates.io-index"
checksum = "6ebe141eb4a23ecc4d5de93fa5b139ac65dc07c38037a2fe9a8fb7c9d36bd832"
dependencies = [
 "halfbrown",
 "ref-cast",
 "simdutf8",
 "value-trait",
]

[[package]]
name = "simdutf8"
version = "0.1.5"
source = "registry+https://github.com/rust-lang/crates.io-index"
checksum = "e3a9fe34e3e7a50316060351f37187a3f546bce95496156754b601a5fa71b76e"

[[package]]
name = "siphasher"
version = "1.0.4"
source = "registry+https://github.com/rust-lang/crates.io-index"
checksum = "33f4fe9184a62d842c9ef383018f3306d8ba224fd9d836f56d7288308847c256"

[[package]]
name = "slab"
version = "0.4.12"
source = "registry+https://github.com/rust-lang/crates.io-index"
checksum = "0c790de23124f9ab44544d7ac05d60440adc586479ce501c1d6d7da3cd8c9cf5"

[[package]]
name = "smallvec"
version = "1.16.2"
source = "registry+https://github.com/rust-lang/crates.io-index"
checksum = "f9395f0f0eee849a9b707b2f06bb92a6a422090e2123bb2ef8e87a0e61892a8e"
dependencies = [
 "serde",
]

[[package]]
name = "smawk"
version = "0.3.3"
source = "registry+https://github.com/rust-lang/crates.io-index"
checksum = "e8e2fb0f499abb4d162f2bedad68f5ef91a1682b5a03596ddb67efd37768d100"

[[package]]
name = "stable_deref_trait"
version = "1.2.1"
source = "registry+https://github.com/rust-lang/crates.io-index"
checksum = "6ce2be8dc25455e1f91df71bfa12ad37d7af1092ae736f3a6cd0e37bc7810596"

[[package]]
name = "static_assertions"
version = "1.1.0"
source = "registry+https://github.com/rust-lang/crates.io-index"
checksum = "a2eb9349b6444b326872e140eb1cf5e7c522154d69e7a0ffb0fb81c06b37543f"

[[package]]
name = "syn"
version = "2.0.119"
source = "registry+https://github.com/rust-lang/crates.io-index"
checksum = "872831b642d1a07999a962a351ed35b955ea2cfc8f3862091e2a240a84f17297"
dependencies = [
 "proc-macro2",
 "quote",
 "unicode-ident",
]

[[package]]
name = "syn"
version = "3.0.6"
source = "registry+https://github.com/rust-lang/crates.io-index"
checksum = "8593e8e72159ed2257d083c7a454a85cbf854f37a0966d8d483aff8c8a3ebcee"
dependencies = [
 "proc-macro2",
 "quote",
 "unicode-ident",
]

[[package]]
name = "synstructure"
version = "0.14.0"
source = "registry+https://github.com/rust-lang/crates.io-index"
checksum = "901704edd0dfe137f1987838ee4f259e4e063c31371bdb423f7ae38ec6f77f02"
dependencies = [
 "proc-macro2",
 "quote",
 "syn 3.0.6",
]

[[package]]
name = "tempfile"
version = "3.27.0"
source = "registry+https://github.com/rust-lang/crates.io-index"
checksum = "32497e9a4c7b38532efcdebeef879707aa9f794296a4f0244f6f69e9bc8574bd"
dependencies = [
 "fastrand",
 "getrandom",
 "once_cell",
 "rustix",
 "windows-sys",
]

[[package]]
name = "textwrap"
version = "0.16.4"
source = "registry+https://github.com/rust-lang/crates.io-index"
checksum = "6ecfad6c3abc80a577f2b91c1e412ee57e7a060d430b553c1b0c940974ebcd49"
dependencies = [
 "icu_segmenter",
 "smawk",
 "unicode-width",
]

[[package]]
name = "thiserror"
version = "2.0.21"
source = "registry+https://github.com/rust-lang/crates.io-index"
checksum = "09e52cb86a36cede5cb101bf8908837b3e4c6e5e59fe7fd85c23fb56200d189e"
dependencies = [
 "thiserror-impl",
]

[[package]]
name = "thiserror-impl"
version = "2.0.21"
source = "registry+https://github.com/rust-lang/crates.io-index"
checksum = "fe5197923287db20a58125f0bc85c062f7f2c892de97b18c356f9efb14b28524"
dependencies = [
 "proc-macro2",
 "quote",
 "syn 3.0.6",
]

[[package]]
name = "tinystr"
version = "0.8.4"
source = "registry+https://github.com/rust-lang/crates.io-index"
checksum = "b1e27c91459209c2986af3dcf603a5a74a4368754ce37414f59acc971167f643"
dependencies = [
 "displaydoc",
 "serde_core",
 "zerovec",
]

[[package]]
name = "tokio"
version = "1.53.2"
source = "registry+https://github.com/rust-lang/crates.io-index"
checksum = "e95f91fcc7a621e8b030f6aa23c71fe9838ae2fb4d8118b75602a328f5144044"
dependencies = [
 "pin-project-lite",
]

[[package]]
name = "tracing"
version = "0.1.44"
source = "registry+https://github.com/rust-lang/crates.io-index"
checksum = "63e71662fa4b2a2c3a26f570f037eb95bb1f85397f3cd8076caed2f026a6d100"
dependencies = [
 "pin-project-lite",
 "tracing-attributes",
 "tracing-core",
]

[[package]]
name = "tracing-attributes"
version = "0.1.31"
source = "registry+https://github.com/rust-lang/crates.io-index"
checksum = "7490cfa5ec963746568740651ac6781f701c9c5ea257c58e057f3ba8cf69e8da"
dependencies = [
 "proc-macro2",
 "quote",
 "syn 2.0.119",
]

[[package]]
name = "tracing-core"
version = "0.1.36"
source = "registry+https://github.com/rust-lang/crates.io-index"
checksum = "db97caf9d906fbde555dd62fa95ddba9eecfd14cb388e4f491a66d74cd5fb79a"
dependencies = [
 "once_cell",
]

[[package]]
name = "unicode-id-start"
version = "1.5.0"
source = "registry+https://github.com/rust-lang/crates.io-index"
checksum = "0825d2e09dcae814a4273c1e1435979d414ede25b2ee235b1545da6682483765"

[[package]]
name = "unicode-ident"
version = "1.0.25"
source = "registry+https://github.com/rust-lang/crates.io-index"
checksum = "ab72a15cf68d77cb0987d3684aa8a45c5ef827e8cb49ee2f30bfd7ba2feb519f"

[[package]]
name = "unicode-segmentation"
version = "1.13.3"
source = "registry+https://github.com/rust-lang/crates.io-index"
checksum = "c6f5d3c3b1bf09027a88a6bc961fc00497d651009560b5463668dc81b0fa87a8"

[[package]]
name = "unicode-width"
version = "0.2.2"
source = "registry+https://github.com/rust-lang/crates.io-index"
checksum = "b4ac048d71ede7ee76d585517add45da530660ef4390e49b098733c6e897f254"

[[package]]
name = "utf8_iter"
version = "1.0.4"
source = "registry+https://github.com/rust-lang/crates.io-index"
checksum = "b6c140620e7ffbb22c2dee59cafe6084a59b5ffc27a8859a5f0d494b5d52b6be"

[[package]]
name = "value-trait"
version = "0.12.2"
source = "registry+https://github.com/rust-lang/crates.io-index"
checksum = "f3f4b4a98dfe54bc9ed3641af7ffcb837240269627dbd5cb047d13daa39736cc"
dependencies = [
 "float-cmp",
 "halfbrown",
 "itoa",
 "ryu",
]

[[package]]
name = "wasm-bindgen"
version = "0.2.121"
source = "registry+https://github.com/rust-lang/crates.io-index"
checksum = "49ace1d07c165b0864824eee619580c4689389afa9dc9ed3a4c75040d82e6790"
dependencies = [
 "cfg-if",
 "once_cell",
 "rustversion",
 "wasm-bindgen-macro",
 "wasm-bindgen-shared",
]

[[package]]
name = "wasm-bindgen-macro"
version = "0.2.121"
source = "registry+https://github.com/rust-lang/crates.io-index"
checksum = "8e68e6f4afd367a562002c05637acb8578ff2dea1943df76afb9e83d177c8578"
dependencies = [
 "quote",
 "wasm-bindgen-macro-support",
]

[[package]]
name = "wasm-bindgen-macro-support"
version = "0.2.121"
source = "registry+https://github.com/rust-lang/crates.io-index"
checksum = "d95a9ec35c64b2a7cb35d3fead40c4238d0940c86d107136999567a4703259f2"
dependencies = [
 "bumpalo",
 "proc-macro2",
 "quote",
 "syn 2.0.119",
 "wasm-bindgen-shared",
]

[[package]]
name = "wasm-bindgen-shared"
version = "0.2.121"
source = "registry+https://github.com/rust-lang/crates.io-index"
checksum = "c4e0100b01e9f0d03189a92b96772a1fb998639d981193d7dbab487302513441"
dependencies = [
 "unicode-ident",
]

[[package]]
name = "windows"
version = "0.62.2"
source = "registry+https://github.com/rust-lang/crates.io-index"
checksum = "527fadee13e0c05939a6a05d5bd6eec6cd2e3dbd648b9f8e447c6518133d8580"
dependencies = [
 "windows-collections",
 "windows-core",
 "windows-future",
 "windows-numerics",
]

[[package]]
name = "windows-collections"
version = "0.3.2"
source = "registry+https://github.com/rust-lang/crates.io-index"
checksum = "23b2d95af1a8a14a3c7367e1ed4fc9c20e0a26e79551b1454d72583c97cc6610"
dependencies = [
 "windows-core",
]

[[package]]
name = "windows-core"
version = "0.62.2"
source = "registry+https://github.com/rust-lang/crates.io-index"
checksum = "b8e83a14d34d0623b51dce9581199302a221863196a1dde71a7663a4c2be9deb"
dependencies = [
 "windows-implement",
 "windows-interface",
 "windows-link",
 "windows-result",
 "windows-strings",
]

[[package]]
name = "windows-future"
version = "0.3.2"
source = "registry+https://github.com/rust-lang/crates.io-index"
checksum = "e1d6f90251fe18a279739e78025bd6ddc52a7e22f921070ccdc67dde84c605cb"
dependencies = [
 "windows-core",
 "windows-link",
 "windows-threading",
]

[[package]]
name = "windows-implement"
version = "0.60.2"
source = "registry+https://github.com/rust-lang/crates.io-index"
checksum = "053e2e040ab57b9dc951b72c264860db7eb3b0200ba345b4e4c3b14f67855ddf"
dependencies = [
 "proc-macro2",
 "quote",
 "syn 2.0.119",
]

[[package]]
name = "windows-interface"
version = "0.59.3"
source = "registry+https://github.com/rust-lang/crates.io-index"
checksum = "3f316c4a2570ba26bbec722032c4099d8c8bc095efccdc15688708623367e358"
dependencies = [
 "proc-macro2",
 "quote",
 "syn 2.0.119",
]

[[package]]
name = "windows-link"
version = "0.2.1"
source = "registry+https://github.com/rust-lang/crates.io-index"
checksum = "f0805222e57f7521d6a62e36fa9163bc891acd422f971defe97d64e70d0a4fe5"

[[package]]
name = "windows-numerics"
version = "0.3.1"
source = "registry+https://github.com/rust-lang/crates.io-index"
checksum = "6e2e40844ac143cdb44aead537bbf727de9b044e107a0f1220392177d15b0f26"
dependencies = [
 "windows-core",
 "windows-link",
]

[[package]]
name = "windows-result"
version = "0.4.1"
source = "registry+https://github.com/rust-lang/crates.io-index"
checksum = "7781fa89eaf60850ac3d2da7af8e5242a5ea78d1a11c49bf2910bb5a73853eb5"
dependencies = [
 "windows-link",
]

[[package]]
name = "windows-strings"
version = "0.5.1"
source = "registry+https://github.com/rust-lang/crates.io-index"
checksum = "7837d08f69c77cf6b07689544538e017c1bfcf57e34b4c0ff58e6c2cd3b37091"
dependencies = [
 "windows-link",
]

[[package]]
name = "windows-sys"
version = "0.61.2"
source = "registry+https://github.com/rust-lang/crates.io-index"
checksum = "ae137229bcbd6cdf0f7b80a31df61766145077ddf49416a728b02cb3921ff3fc"
dependencies = [
 "windows-link",
]

[[package]]
name = "windows-threading"
version = "0.2.1"
source = "registry+https://github.com/rust-lang/crates.io-index"
checksum = "3949bd5b99cafdf1c7ca86b43ca564028dfe27d66958f2470940f73d86d75b37"
dependencies = [
 "windows-link",
]

[[package]]
name = "writeable"
version = "0.6.4"
source = "registry+https://github.com/rust-lang/crates.io-index"
checksum = "3ad82d2a33cdc9674dc7465672f271e096168fcdbe0f799d9e6db8c5892679dc"

[[package]]
name = "yoke"
version = "0.8.3"
source = "registry+https://github.com/rust-lang/crates.io-index"
checksum = "709fe23a0424b6a435d82152b1bd3fdfb0833487d5fa90d05d42762a9891fef5"
dependencies = [
 "stable_deref_trait",
 "yoke-derive",
 "zerofrom",
]

[[package]]
name = "yoke-derive"
version = "0.8.4"
source = "registry+https://github.com/rust-lang/crates.io-index"
checksum = "ec8ebde2db3681e8c9980cc27822030e68752690ddfa9473e739aeb4dbde6d71"
dependencies = [
 "proc-macro2",
 "quote",
 "syn 3.0.6",
 "synstructure",
]

[[package]]
name = "zerofrom"
version = "0.1.8"
source = "registry+https://github.com/rust-lang/crates.io-index"
checksum = "0ec05a11813ea801ff6d75110ad09cd0824ddba17dfe17128ea0d5f68e6c5272"
dependencies = [
 "zerofrom-derive",
]

[[package]]
name = "zerofrom-derive"
version = "0.1.8"
source = "registry+https://github.com/rust-lang/crates.io-index"
checksum = "f75b4683f6c7f45248d4d64056a24298c6281e0993356d7d1b4a1a962ef10d4a"
dependencies = [
 "proc-macro2",
 "quote",
 "syn 3.0.6",
 "synstructure",
]

[[package]]
name = "zerotrie"
version = "0.2.5"
source = "registry+https://github.com/rust-lang/crates.io-index"
checksum = "4ea269c3bd32f0a32c321907a2ae912ba6f4649bb0fc764a15627e99a7095a3f"
dependencies = [
 "displaydoc",
 "zerovec",
]

[[package]]
name = "zerovec"
version = "0.11.8"
source = "registry+https://github.com/rust-lang/crates.io-index"
checksum = "bb0464e17806c1d976d5cba29399c7f08e516e279e2ba493f63123b5fca67dd8"
dependencies = [
 "serde",
 "yoke",
 "zerofrom",
 "zerovec-derive",
]

[[package]]
name = "zerovec-derive"
version = "0.11.6"
source = "registry+https://github.com/rust-lang/crates.io-index"
checksum = "34df6fc39dbd26ddc9c10e6a2984476e13acce22e64e4487636ef494369225da"
dependencies = [
 "proc-macro2",
 "quote",
 "syn 3.0.6",
]

[[package]]
name = "zmij"
version = "1.0.23"
source = "registry+https://github.com/rust-lang/crates.io-index"
checksum = "29666d0abbfad1e3dc4dcf6144730dd3a3ab225bbbdac83319345b1b44ccfc1b"
