# This file is generated by running "yarn install" inside your project.
# Manual changes might be lost - proceed with caution!

__metadata:
  version: 8
  cacheKey: 10c0

"ts-versions@workspace:.":
  version: 0.0.0-use.local
  resolution: "ts-versions@workspace:."
  dependencies:
    typescript-5.5.2: "npm:typescript@5.5.2"
    typescript-5.5.3: "npm:typescript@5.5.3"
    typescript-5.5.4: "npm:typescript@5.5.4"
  languageName: unknown
  linkType: soft

"typescript-5.5.2@npm:typescript@5.5.2":
  version: 5.5.2
  resolution: "typescript@npm:5.5.2"
  bin:
    tsc: bin/tsc
    tsserver: bin/tsserver
  checksum: 10c0/8ca39b27b5f9bd7f32db795045933ab5247897660627251e8254180b792a395bf061ea7231947d5d7ffa5cb4cc771970fd4ef543275f9b559f08c9325cccfce3
  languageName: node
  linkType: hard

"typescript-5.5.3@npm:typescript@5.5.3":
  version: 5.5.3
  resolution: "typescript@npm:5.5.3"
  bin:
    tsc: bin/tsc
    tsserver: bin/tsserver
  checksum: 10c0/f52c71ccbc7080b034b9d3b72051d563601a4815bf3e39ded188e6ce60813f75dbedf11ad15dd4d32a12996a9ed8c7155b46c93a9b9c9bad1049766fe614bbdd
  languageName: node
  linkType: hard

"typescript-5.5.4@npm:typescript@5.5.4":
  version: 5.5.4
  resolution: "typescript@npm:5.5.4"
  bin:
    tsc: bin/tsc
    tsserver: bin/tsserver
  checksum: 10c0/422be60f89e661eab29ac488c974b6cc0a660fb2228003b297c3d10c32c90f3bcffc1009b43876a082515a3c376b1eefcce823d6e78982e6878408b9a923199c
  languageName: node
  linkType: hard
