---
lockfileVersion: '9.0'

importers:

  .:
    configDependencies: {}
    packageManagerDependencies:
      pnpm:
        specifier: 12.11.2
        version: 12.11.2

packages:

  '@pnpm/exe.android-arm64@12.11.2':
    resolution: {integrity: sha512-owLw13OfPkEoY+hLBNeeG+dCFhywr7q2d/EHPz4mNL2RhKnv8gNwMARkjkiDQu234aItVwFNDeGnmQXm+ikkAg==}
    cpu: [arm64]
    os: [android]

  '@pnpm/exe.android-x64@12.11.2':
    resolution: {integrity: sha512-GYPkVebl4iokOA/4MPSpGoUVfFlsth7uqOCe1XiaiM23LAdvUOMJBObqHJijr89ZqjwHm9pO6vO45GRwJ2U2qA==}
    cpu: [x64]
    os: [android]

  '@pnpm/exe.darwin-arm64@12.11.2':
    resolution: {integrity: sha512-n9M4On66y8FDxUAKgMO1FXt0qihyG4e+56p3/F0uo8Bx9KplW8BwKVnXigzCJ8aNM6sVVPkOE6M9XXbeVIxnZA==}
    cpu: [arm64]
    os: [darwin]

  '@pnpm/exe.darwin-x64@12.11.2':
    resolution: {integrity: sha512-oSW7n3sBT0c0cyk4kj10T2Y6Mpm+OFEiCAWozgX039tdoI6yqJF1uaFD3sw7ugLdu6VV3+uY0pa1TUZIPdxDWA==}
    cpu: [x64]
    os: [darwin]

  '@pnpm/exe.freebsd-x64@12.11.2':
    resolution: {integrity: sha512-qbzc3KoDpa/Lkf8vs3jnDe6dUUbso+6eLIyssYFMiliLpYNxn8dirk11YoNnOQcdHVB50v5RFls1Yid6ttT5pg==}
    cpu: [x64]
    os: [freebsd]

  '@pnpm/exe.linux-arm64-musl@12.11.2':
    resolution: {integrity: sha512-uMEYDwKRktGwANubQ+kYCwmhNwg3Ik6qK89ahsbQ5cP30R/5FVJb/T99vr9XRUBC/A7mZI6eeT92oyVas9ACyg==}
    cpu: [arm64]
    os: [linux]
    libc: [musl]

  '@pnpm/exe.linux-arm64@12.11.2':
    resolution: {integrity: sha512-6e8ZAQUwFXAWHHHv5FesWqf/kEK04wuitBv5f/gxzkC0DiBfaixr+f+6JQede8SF4Ji5LcMwVFJbzAtffpWxEg==}
    cpu: [arm64]
    os: [linux]
    libc: [glibc]

  '@pnpm/exe.linux-ppc64@12.11.2':
    resolution: {integrity: sha512-Ui8A4nepkVupx2VpuFfysEluMvWK6gTB5rgVts7Ss/+8dj0RD28x3F/seNeH/zSypgC6yKdV6qsKVQh/uffTuQ==}
    cpu: [ppc64]
    os: [linux]
    libc: [glibc]

  '@pnpm/exe.linux-riscv64@12.11.2':
    resolution: {integrity: sha512-i1yLdQ5bu+wjQ+srtFoJAaY2gN/+oXHFdjul4llCeoDxHE0rTIG3R41NhHfCjyFPW4+CpbBT58933CL9sMOCnA==}
    cpu: [riscv64]
    os: [linux]
    libc: [glibc]

  '@pnpm/exe.linux-s390x@12.11.2':
    resolution: {integrity: sha512-YS1/lhPjjTsN4QL50VaFZKRa3Uc/bDnhE8eKbJMFvuX06UuFS5YaiDg04APoZdfVSGqTfX27QAg7rfLMSWaqxA==}
    cpu: [s390x]
    os: [linux]
    libc: [glibc]

  '@pnpm/exe.linux-x64-musl@12.11.2':
    resolution: {integrity: sha512-7eIxQR05fvJxCujUSKp5KTtehJ7QqrgqP/HD1+BcB/SaV2Be4XI1PEHiOgA1zxsiMIeMvTF6E4G4dYHrFjeXRg==}
    cpu: [x64]
    os: [linux]
    libc: [musl]

  '@pnpm/exe.linux-x64@12.11.2':
    resolution: {integrity: sha512-FK7QKe24AYgppJwO3mpooYptduuvIGqKJPi5ac7MdnWkjUy46JBfYhCW0grnkWKC8YOf0x+vGviuQqJEj3SpQQ==}
    cpu: [x64]
    os: [linux]
    libc: [glibc]

  '@pnpm/exe.win32-arm64@12.11.2':
    resolution: {integrity: sha512-PCTjVDdJb6VvraZxrEeFv6EqEA0hhIsAySx28e95J2Tqpi88hLpgOXgNqV0vpxq9A+b8GLQfyk/D+1UlJPv/YQ==}
    cpu: [arm64]
    os: [win32]

  '@pnpm/exe.win32-x64@12.11.2':
    resolution: {integrity: sha512-8sgX86OvRjJ3yZs/TvGR2L31wH9ScPZ+f+geKI3ikuB0RRiK3i4LlTRO8OXN6pdRqj8epMde4312MCjj7JsJdA==}
    cpu: [x64]
    os: [win32]

  pnpm@12.11.2:
    resolution: {integrity: sha512-JaUWUqGWeFr18ovabf6NxYLr76SsHRgCIc4TkCMcX7dmN4IupLbkYzznSs3LCnf3Ja8RutOBd/3t2u6BipVcuQ==}
    engines: {node: '>=18.*'}
    hasBin: true

snapshots:

  '@pnpm/exe.android-arm64@12.11.2':
    optional: true

  '@pnpm/exe.android-x64@12.11.2':
    optional: true

  '@pnpm/exe.darwin-arm64@12.11.2':
    optional: true

  '@pnpm/exe.darwin-x64@12.11.2':
    optional: true

  '@pnpm/exe.freebsd-x64@12.11.2':
    optional: true

  '@pnpm/exe.linux-arm64-musl@12.11.2':
    optional: true

  '@pnpm/exe.linux-arm64@12.11.2':
    optional: true

  '@pnpm/exe.linux-ppc64@12.11.2':
    optional: true

  '@pnpm/exe.linux-riscv64@12.11.2':
    optional: true

  '@pnpm/exe.linux-s390x@12.11.2':
    optional: true

  '@pnpm/exe.linux-x64-musl@12.11.2':
    optional: true

  '@pnpm/exe.linux-x64@12.11.2':
    optional: true

  '@pnpm/exe.win32-arm64@12.11.2':
    optional: true

  '@pnpm/exe.win32-x64@12.11.2':
    optional: true

  pnpm@12.11.2:
    optionalDependencies:
      '@pnpm/exe.android-arm64': 12.11.2
      '@pnpm/exe.android-x64': 12.11.2
      '@pnpm/exe.darwin-arm64': 12.11.2
      '@pnpm/exe.darwin-x64': 12.11.2
      '@pnpm/exe.freebsd-x64': 12.11.2
      '@pnpm/exe.linux-arm64': 12.11.2
      '@pnpm/exe.linux-arm64-musl': 12.11.2
      '@pnpm/exe.linux-ppc64': 12.11.2
      '@pnpm/exe.linux-riscv64': 12.11.2
      '@pnpm/exe.linux-s390x': 12.11.2
      '@pnpm/exe.linux-x64': 12.11.2
      '@pnpm/exe.linux-x64-musl': 12.11.2
      '@pnpm/exe.win32-arm64': 12.11.2
      '@pnpm/exe.win32-x64': 12.11.2

---
lockfileVersion: '9.0'

settings:
  autoInstallPeers: true
  excludeLinksFromLockfile: false

importers:

  .:
    dependencies:
      '@angular/common':
        specifier: link:./in-existing-linked-by-bazel
        version: link:in-existing-linked-by-bazel
      '@angular/core':
        specifier: link:./in-existing-linked-by-bazel
        version: link:in-existing-linked-by-bazel
      '@angular/service-worker':
        specifier: link:./in-existing-linked-by-bazel
        version: link:in-existing-linked-by-bazel
      rxjs:
        specifier: ^7.0.0
        version: 7.8.2
      zone.js:
        specifier: 0.16.3
        version: 0.16.3

packages:

  rxjs@7.8.2:
    resolution: {integrity: sha512-dhKf903U/PQZY6boNNtAGdWbG85WAbjT/1xYoZIC7FAY0yWapOBQVsVrDl58W86//e1VpMNBtRV4MaXfdMySFA==}

  tslib@2.8.1:
    resolution: {integrity: sha512-oJFu94HQb+KVduSUQL7wnpmqnfmLsOA/nAh6b6EH0wCEoK0/mPeXU6c3wKDV83MkOuHPRHtSXKKU99IBazS/2w==}

  zone.js@0.16.3:
    resolution: {integrity: sha512-ihXL9+vhYyEhXz4TDNpHeAOZN9FVrbog0Il64OIEI28UP/n5AaI6gsccRuOHBfx+206agzyoK527bYIO0Foy6A==}

snapshots:

  rxjs@7.8.2:
    dependencies:
      tslib: 2.8.1

  tslib@2.8.1: {}

  zone.js@0.16.3: {}
