# This file is generated by running "yarn install" inside your project.
# Manual changes might be lost - proceed with caution!

__metadata:
  version: 8
  cacheKey: 10c0

"@angular-devkit/build-optimizer@npm:0.14.0-beta.5":
  version: 0.14.0-beta.5
  resolution: "@angular-devkit/build-optimizer@npm:0.14.0-beta.5"
  dependencies:
    loader-utils: "npm:1.2.3"
    source-map: "npm:0.5.6"
    typescript: "npm:3.2.4"
    webpack-sources: "npm:1.3.0"
  bin:
    build-optimizer: ./src/build-optimizer/cli.js
  checksum: 10c0/457023aae6dbbdf7d1186e3b47c341de4135bbd8dc507c16c3fbbea4dc46fd83c95b04d748b8e63efafe6c8e94a3f6647ce746d7767c93682044bbd76558fc5e
  languageName: node
  linkType: hard

"@angular/animations@file:../../dist/packages-dist/animations::locator=angular-side-effects%40workspace%3A.":
  version: 18.1.0-next.2+sha-b30eb5e-with-local-changes
  resolution: "@angular/animations@file:../../dist/packages-dist/animations#../../dist/packages-dist/animations::hash=c5b210&locator=angular-side-effects%40workspace%3A."
  dependencies:
    tslib: "npm:^2.3.0"
  peerDependencies:
    "@angular/core": 18.1.0-next.2+sha-b30eb5e-with-local-changes
  checksum: 10c0/518863c5b12721bd0dae92118783185ee7e5b0dfe25f94dfcd8eaf222ddcb6f2e7d61a23c172303dfcb7b6a09eced28e2eda7c3021a9342960417b157ea6d767
  languageName: node
  linkType: hard

"@angular/common@file:../../dist/packages-dist/common::locator=angular-side-effects%40workspace%3A.":
  version: 18.1.0-next.2+sha-b30eb5e-with-local-changes
  resolution: "@angular/common@file:../../dist/packages-dist/common#../../dist/packages-dist/common::hash=8adcbd&locator=angular-side-effects%40workspace%3A."
  dependencies:
    tslib: "npm:^2.3.0"
  peerDependencies:
    "@angular/core": 18.1.0-next.2+sha-b30eb5e-with-local-changes
    rxjs: ^6.5.3 || ^7.4.0
  checksum: 10c0/463ccbc46def71b431aa37728c7573fce93ce7909cb1f82bea5b448d5d12876fd71d2d6927b26666cfe917ebf173419d66605e6d86f35b326a2e569559ec55f8
  languageName: node
  linkType: hard

"@angular/core@file:../../dist/packages-dist/core::locator=angular-side-effects%40workspace%3A.":
  version: 18.1.0-next.2+sha-b30eb5e-with-local-changes
  resolution: "@angular/core@file:../../dist/packages-dist/core#../../dist/packages-dist/core::hash=b6283d&locator=angular-side-effects%40workspace%3A."
  dependencies:
    tslib: "npm:^2.3.0"
  peerDependencies:
    rxjs: ^6.5.3 || ^7.4.0
    zone.js: ~0.14.0
  checksum: 10c0/b733df52d11aeca8f1c26fc9738de85ac08a4e722f37f50867a718248fd060b3ab5c2b9a757bc3b6f805f09d2b14d5b8942339b24727baf259ba4a30e68d083f
  languageName: node
  linkType: hard

"@angular/elements@file:../../dist/packages-dist/elements::locator=angular-side-effects%40workspace%3A.":
  version: 18.1.0-next.2+sha-b30eb5e-with-local-changes
  resolution: "@angular/elements@file:../../dist/packages-dist/elements#../../dist/packages-dist/elements::hash=ffa001&locator=angular-side-effects%40workspace%3A."
  dependencies:
    tslib: "npm:^2.3.0"
  peerDependencies:
    "@angular/core": 18.1.0-next.2+sha-b30eb5e-with-local-changes
    rxjs: ^6.5.3 || ^7.4.0
  checksum: 10c0/cd100ba9f0a216c8d1dffff023e295a3f4dfda2c042a9ed718ef8cccaa9433e9a872ab18eb729ac2cb974829f80bc5bcd5112cd9c1ab24016370731e10d01410
  languageName: node
  linkType: hard

"@angular/forms@file:../../dist/packages-dist/forms::locator=angular-side-effects%40workspace%3A.":
  version: 18.1.0-next.2+sha-b30eb5e-with-local-changes
  resolution: "@angular/forms@file:../../dist/packages-dist/forms#../../dist/packages-dist/forms::hash=fd0839&locator=angular-side-effects%40workspace%3A."
  dependencies:
    tslib: "npm:^2.3.0"
  peerDependencies:
    "@angular/common": 18.1.0-next.2+sha-b30eb5e-with-local-changes
    "@angular/core": 18.1.0-next.2+sha-b30eb5e-with-local-changes
    "@angular/platform-browser": 18.1.0-next.2+sha-b30eb5e-with-local-changes
    rxjs: ^6.5.3 || ^7.4.0
  checksum: 10c0/d3c0c2aa8ce8511ed456f0064aeba97c8878d5b11bf97bcc56cfe6ffb0e8a2e65c29039f0ed63dcf77fa3c5722878d36143c741f0559421de3406902bff2d96d
  languageName: node
  linkType: hard

"@angular/platform-browser@file:../../dist/packages-dist/platform-browser::locator=angular-side-effects%40workspace%3A.":
  version: 18.1.0-next.2+sha-b30eb5e-with-local-changes
  resolution: "@angular/platform-browser@file:../../dist/packages-dist/platform-browser#../../dist/packages-dist/platform-browser::hash=3f29b3&locator=angular-side-effects%40workspace%3A."
  dependencies:
    tslib: "npm:^2.3.0"
  peerDependencies:
    "@angular/animations": 18.1.0-next.2+sha-b30eb5e-with-local-changes
    "@angular/common": 18.1.0-next.2+sha-b30eb5e-with-local-changes
    "@angular/core": 18.1.0-next.2+sha-b30eb5e-with-local-changes
  peerDependenciesMeta:
    "@angular/animations":
      optional: true
  checksum: 10c0/187242ceebfe9fafb69d48ad7486711c6e0f39714ac5143b51fec1b550caf50c589f289e708d92abe44f51edfeebc5df7d48cea28296c726c02eb731f85ca44c
  languageName: node
  linkType: hard

"@angular/router@file:../../dist/packages-dist/router::locator=angular-side-effects%40workspace%3A.":
  version: 18.1.0-next.2+sha-b30eb5e-with-local-changes
  resolution: "@angular/router@file:../../dist/packages-dist/router#../../dist/packages-dist/router::hash=8fc186&locator=angular-side-effects%40workspace%3A."
  dependencies:
    tslib: "npm:^2.3.0"
  peerDependencies:
    "@angular/common": 18.1.0-next.2+sha-b30eb5e-with-local-changes
    "@angular/core": 18.1.0-next.2+sha-b30eb5e-with-local-changes
    "@angular/platform-browser": 18.1.0-next.2+sha-b30eb5e-with-local-changes
    rxjs: ^6.5.3 || ^7.4.0
  checksum: 10c0/df990ac6d45a7fe2dbd33efc2e513b9ced5c65099d355a1b3f24249db6a5fcc473782c327123ed1f830a4bcf0ecd5e31e0350ab892c315d4b89ddf50069947c3
  languageName: node
  linkType: hard

"@babel/code-frame@npm:^7.10.4":
  version: 7.24.7
  resolution: "@babel/code-frame@npm:7.24.7"
  dependencies:
    "@babel/highlight": "npm:^7.24.7"
    picocolors: "npm:^1.0.0"
  checksum: 10c0/ab0af539473a9f5aeaac7047e377cb4f4edd255a81d84a76058595f8540784cc3fbe8acf73f1e073981104562490aabfb23008cd66dc677a456a4ed5390fdde6
  languageName: node
  linkType: hard

"@babel/helper-validator-identifier@npm:^7.24.7":
  version: 7.24.7
  resolution: "@babel/helper-validator-identifier@npm:7.24.7"
  checksum: 10c0/87ad608694c9477814093ed5b5c080c2e06d44cb1924ae8320474a74415241223cc2a725eea2640dd783ff1e3390e5f95eede978bc540e870053152e58f1d651
  languageName: node
  linkType: hard

"@babel/highlight@npm:^7.24.7":
  version: 7.24.7
  resolution: "@babel/highlight@npm:7.24.7"
  dependencies:
    "@babel/helper-validator-identifier": "npm:^7.24.7"
    chalk: "npm:^2.4.2"
    js-tokens: "npm:^4.0.0"
    picocolors: "npm:^1.0.0"
  checksum: 10c0/674334c571d2bb9d1c89bdd87566383f59231e16bcdcf5bb7835babdf03c9ae585ca0887a7b25bdf78f303984af028df52831c7989fecebb5101cc132da9393a
  languageName: node
  linkType: hard

"@jridgewell/gen-mapping@npm:^0.3.5":
  version: 0.3.5
  resolution: "@jridgewell/gen-mapping@npm:0.3.5"
  dependencies:
    "@jridgewell/set-array": "npm:^1.2.1"
    "@jridgewell/sourcemap-codec": "npm:^1.4.10"
    "@jridgewell/trace-mapping": "npm:^0.3.24"
  checksum: 10c0/1be4fd4a6b0f41337c4f5fdf4afc3bd19e39c3691924817108b82ffcb9c9e609c273f936932b9fba4b3a298ce2eb06d9bff4eb1cc3bd81c4f4ee1b4917e25feb
  languageName: node
  linkType: hard

"@jridgewell/resolve-uri@npm:^3.1.0":
  version: 3.1.2
  resolution: "@jridgewell/resolve-uri@npm:3.1.2"
  checksum: 10c0/d502e6fb516b35032331406d4e962c21fe77cdf1cbdb49c6142bcbd9e30507094b18972778a6e27cbad756209cfe34b1a27729e6fa08a2eb92b33943f680cf1e
  languageName: node
  linkType: hard

"@jridgewell/set-array@npm:^1.2.1":
  version: 1.2.1
  resolution: "@jridgewell/set-array@npm:1.2.1"
  checksum: 10c0/2a5aa7b4b5c3464c895c802d8ae3f3d2b92fcbe84ad12f8d0bfbb1f5ad006717e7577ee1fd2eac00c088abe486c7adb27976f45d2941ff6b0b92b2c3302c60f4
  languageName: node
  linkType: hard

"@jridgewell/source-map@npm:^0.3.3":
  version: 0.3.6
  resolution: "@jridgewell/source-map@npm:0.3.6"
  dependencies:
    "@jridgewell/gen-mapping": "npm:^0.3.5"
    "@jridgewell/trace-mapping": "npm:^0.3.25"
  checksum: 10c0/6a4ecc713ed246ff8e5bdcc1ef7c49aaa93f7463d948ba5054dda18b02dcc6a055e2828c577bcceee058f302ce1fc95595713d44f5c45e43d459f88d267f2f04
  languageName: node
  linkType: hard

"@jridgewell/sourcemap-codec@npm:^1.4.10, @jridgewell/sourcemap-codec@npm:^1.4.14":
  version: 1.4.15
  resolution: "@jridgewell/sourcemap-codec@npm:1.4.15"
  checksum: 10c0/0c6b5ae663087558039052a626d2d7ed5208da36cfd707dcc5cea4a07cfc918248403dcb5989a8f7afaf245ce0573b7cc6fd94c4a30453bd10e44d9363940ba5
  languageName: node
  linkType: hard

"@jridgewell/trace-mapping@npm:^0.3.24, @jridgewell/trace-mapping@npm:^0.3.25":
  version: 0.3.25
  resolution: "@jridgewell/trace-mapping@npm:0.3.25"
  dependencies:
    "@jridgewell/resolve-uri": "npm:^3.1.0"
    "@jridgewell/sourcemap-codec": "npm:^1.4.14"
  checksum: 10c0/3d1ce6ebc69df9682a5a8896b414c6537e428a1d68b02fcc8363b04284a8ca0df04d0ee3013132252ab14f2527bc13bea6526a912ecb5658f0e39fd2860b4df4
  languageName: node
  linkType: hard

"@types/estree@npm:0.0.39":
  version: 0.0.39
  resolution: "@types/estree@npm:0.0.39"
  checksum: 10c0/f0af6c95ac1988c4827964bd9d3b51d24da442e2188943f6dfcb1e1559103d5d024d564b2e9d3f84c53714a02a0a7435c7441138eb63d9af5de4dfc66cdc0d92
  languageName: node
  linkType: hard

"@types/node@npm:*":
  version: 20.14.2
  resolution: "@types/node@npm:20.14.2"
  dependencies:
    undici-types: "npm:~5.26.4"
  checksum: 10c0/2d86e5f2227aaa42212e82ea0affe72799111b888ff900916376450b02b09b963ca888b20d9c332d8d2b833ed4781987867a38eaa2e4863fa8439071468b0a6f
  languageName: node
  linkType: hard

"@types/node@npm:^11.13.9":
  version: 11.15.54
  resolution: "@types/node@npm:11.15.54"
  checksum: 10c0/4de756bae8152151c209227f1c75550f67634def4f3624e2d7275c5dac1c38083495b175ace8596f4282e084eb1ca72351b8720129e0918f9c29105ef98ed6ec
  languageName: node
  linkType: hard

"@types/resolve@npm:0.0.8":
  version: 0.0.8
  resolution: "@types/resolve@npm:0.0.8"
  dependencies:
    "@types/node": "npm:*"
  checksum: 10c0/ead6902f01e7240918e6f6dabf0e2bc37035492b1da16f605bbd1e153c17d0639df77981b2ec042480361be76c9e967543287d9b312cd668ed9123524994c344
  languageName: node
  linkType: hard

"acorn@npm:^6.1.1":
  version: 6.4.2
  resolution: "acorn@npm:6.4.2"
  bin:
    acorn: bin/acorn
  checksum: 10c0/52a72d5d785fa64a95880f2951021a38954f8f69a4944dfeab6fb1449b0f02293eae109a56d55b58ff31a90a00d16a804658a12db8ef834c20b3d1201fe5ba5b
  languageName: node
  linkType: hard

"acorn@npm:^8.8.2":
  version: 8.11.3
  resolution: "acorn@npm:8.11.3"
  bin:
    acorn: bin/acorn
  checksum: 10c0/3ff155f8812e4a746fee8ecff1f227d527c4c45655bb1fad6347c3cb58e46190598217551b1500f18542d2bbe5c87120cb6927f5a074a59166fbdd9468f0a299
  languageName: node
  linkType: hard

"angular-side-effects@workspace:.":
  version: 0.0.0-use.local
  resolution: "angular-side-effects@workspace:."
  dependencies:
    "@angular/animations": "file:../../dist/packages-dist/animations"
    "@angular/common": "file:../../dist/packages-dist/common"
    "@angular/core": "file:../../dist/packages-dist/core"
    "@angular/elements": "file:../../dist/packages-dist/elements"
    "@angular/forms": "file:../../dist/packages-dist/forms"
    "@angular/platform-browser": "file:../../dist/packages-dist/platform-browser"
    "@angular/router": "file:../../dist/packages-dist/router"
    check-side-effects: "file:../../node_modules/check-side-effects"
  languageName: unknown
  linkType: soft

"ansi-styles@npm:^3.2.1":
  version: 3.2.1
  resolution: "ansi-styles@npm:3.2.1"
  dependencies:
    color-convert: "npm:^1.9.0"
  checksum: 10c0/ece5a8ef069fcc5298f67e3f4771a663129abd174ea2dfa87923a2be2abf6cd367ef72ac87942da00ce85bd1d651d4cd8595aebdb1b385889b89b205860e977b
  languageName: node
  linkType: hard

"big.js@npm:^5.2.2":
  version: 5.2.2
  resolution: "big.js@npm:5.2.2"
  checksum: 10c0/230520f1ff920b2d2ce3e372d77a33faa4fa60d802fe01ca4ffbc321ee06023fe9a741ac02793ee778040a16b7e497f7d60c504d1c402b8fdab6f03bb785a25f
  languageName: node
  linkType: hard

"buffer-from@npm:^1.0.0":
  version: 1.1.2
  resolution: "buffer-from@npm:1.1.2"
  checksum: 10c0/124fff9d66d691a86d3b062eff4663fe437a9d9ee4b47b1b9e97f5a5d14f6d5399345db80f796827be7c95e70a8e765dd404b7c3ff3b3324f98e9b0c8826cc34
  languageName: node
  linkType: hard

"builtin-modules@npm:^3.1.0":
  version: 3.3.0
  resolution: "builtin-modules@npm:3.3.0"
  checksum: 10c0/2cb3448b4f7306dc853632a4fcddc95e8d4e4b9868c139400027b71938fc6806d4ff44007deffb362ac85724bd40c2c6452fb6a0aa4531650eeddb98d8e5ee8a
  languageName: node
  linkType: hard

"chalk@npm:^2.4.2":
  version: 2.4.2
  resolution: "chalk@npm:2.4.2"
  dependencies:
    ansi-styles: "npm:^3.2.1"
    escape-string-regexp: "npm:^1.0.5"
    supports-color: "npm:^5.3.0"
  checksum: 10c0/e6543f02ec877732e3a2d1c3c3323ddb4d39fbab687c23f526e25bd4c6a9bf3b83a696e8c769d078e04e5754921648f7821b2a2acfd16c550435fd630026e073
  languageName: node
  linkType: hard

"check-side-effects@file:../../node_modules/check-side-effects::locator=angular-side-effects%40workspace%3A.":
  version: 0.0.23
  resolution: "check-side-effects@file:../../node_modules/check-side-effects#../../node_modules/check-side-effects::hash=efa4ab&locator=angular-side-effects%40workspace%3A."
  dependencies:
    "@angular-devkit/build-optimizer": "npm:0.14.0-beta.5"
    diff: "npm:^4.0.1"
    minimist: "npm:^1.2.5"
    rollup: "npm:~1.11.3"
    rollup-plugin-node-resolve: "npm:~4.2.3"
    rollup-plugin-terser: "npm:^7.0.1"
  bin:
    check-side-effects: ./bin/check-side-effects
  checksum: 10c0/4d8fd9b79eaa4f0b53c0c8ac2f3550993970e2fa36ef3b25075682b96b77ca027ef4a14d0d29e224993af76e261a66450f7f0ce03d012df8ed56a306d02047b3
  languageName: node
  linkType: hard

"color-convert@npm:^1.9.0":
  version: 1.9.3
  resolution: "color-convert@npm:1.9.3"
  dependencies:
    color-name: "npm:1.1.3"
  checksum: 10c0/5ad3c534949a8c68fca8fbc6f09068f435f0ad290ab8b2f76841b9e6af7e0bb57b98cb05b0e19fe33f5d91e5a8611ad457e5f69e0a484caad1f7487fd0e8253c
  languageName: node
  linkType: hard

"color-name@npm:1.1.3":
  version: 1.1.3
  resolution: "color-name@npm:1.1.3"
  checksum: 10c0/566a3d42cca25b9b3cd5528cd7754b8e89c0eb646b7f214e8e2eaddb69994ac5f0557d9c175eb5d8f0ad73531140d9c47525085ee752a91a2ab15ab459caf6d6
  languageName: node
  linkType: hard

"commander@npm:^2.20.0":
  version: 2.20.3
  resolution: "commander@npm:2.20.3"
  checksum: 10c0/74c781a5248c2402a0a3e966a0a2bba3c054aad144f5c023364be83265e796b20565aa9feff624132ff629aa64e16999fa40a743c10c12f7c61e96a794b99288
  languageName: node
  linkType: hard

"diff@npm:^4.0.1":
  version: 4.0.2
  resolution: "diff@npm:4.0.2"
  checksum: 10c0/81b91f9d39c4eaca068eb0c1eb0e4afbdc5bb2941d197f513dd596b820b956fef43485876226d65d497bebc15666aa2aa82c679e84f65d5f2bfbf14ee46e32c1
  languageName: node
  linkType: hard

"emojis-list@npm:^2.0.0":
  version: 2.1.0
  resolution: "emojis-list@npm:2.1.0"
  checksum: 10c0/bbb941223bfb3e38054cb52ed1b3098a8dac0a90fdd2699eb8a3af3b2172cdc4af0932e05c3edd52e814997c8f45cf1d7f5e86e9ecdcd4e2390a0f27e6914db5
  languageName: node
  linkType: hard

"escape-string-regexp@npm:^1.0.5":
  version: 1.0.5
  resolution: "escape-string-regexp@npm:1.0.5"
  checksum: 10c0/a968ad453dd0c2724e14a4f20e177aaf32bb384ab41b674a8454afe9a41c5e6fe8903323e0a1052f56289d04bd600f81278edf140b0fcc02f5cac98d0f5b5371
  languageName: node
  linkType: hard

"function-bind@npm:^1.1.2":
  version: 1.1.2
  resolution: "function-bind@npm:1.1.2"
  checksum: 10c0/d8680ee1e5fcd4c197e4ac33b2b4dce03c71f4d91717292785703db200f5c21f977c568d28061226f9b5900cbcd2c84463646134fd5337e7925e0942bc3f46d5
  languageName: node
  linkType: hard

"has-flag@npm:^3.0.0":
  version: 3.0.0
  resolution: "has-flag@npm:3.0.0"
  checksum: 10c0/1c6c83b14b8b1b3c25b0727b8ba3e3b647f99e9e6e13eb7322107261de07a4c1be56fc0d45678fc376e09772a3a1642ccdaf8fc69bdf123b6c086598397ce473
  languageName: node
  linkType: hard

"has-flag@npm:^4.0.0":
  version: 4.0.0
  resolution: "has-flag@npm:4.0.0"
  checksum: 10c0/2e789c61b7888d66993e14e8331449e525ef42aac53c627cc53d1c3334e768bcb6abdc4f5f0de1478a25beec6f0bd62c7549058b7ac53e924040d4f301f02fd1
  languageName: node
  linkType: hard

"hasown@npm:^2.0.0":
  version: 2.0.2
  resolution: "hasown@npm:2.0.2"
  dependencies:
    function-bind: "npm:^1.1.2"
  checksum: 10c0/3769d434703b8ac66b209a4cca0737519925bbdb61dd887f93a16372b14694c63ff4e797686d87c90f08168e81082248b9b028bad60d4da9e0d1148766f56eb9
  languageName: node
  linkType: hard

"is-core-module@npm:^2.13.0":
  version: 2.13.1
  resolution: "is-core-module@npm:2.13.1"
  dependencies:
    hasown: "npm:^2.0.0"
  checksum: 10c0/2cba9903aaa52718f11c4896dabc189bab980870aae86a62dc0d5cedb546896770ee946fb14c84b7adf0735f5eaea4277243f1b95f5cefa90054f92fbcac2518
  languageName: node
  linkType: hard

"is-module@npm:^1.0.0":
  version: 1.0.0
  resolution: "is-module@npm:1.0.0"
  checksum: 10c0/795a3914bcae7c26a1c23a1e5574c42eac13429625045737bf3e324ce865c0601d61aee7a5afbca1bee8cb300c7d9647e7dc98860c9bdbc3b7fdc51d8ac0bffc
  languageName: node
  linkType: hard

"jest-worker@npm:^26.2.1":
  version: 26.6.2
  resolution: "jest-worker@npm:26.6.2"
  dependencies:
    "@types/node": "npm:*"
    merge-stream: "npm:^2.0.0"
    supports-color: "npm:^7.0.0"
  checksum: 10c0/07e4dba650381604cda253ab6d5837fe0279c8d68c25884995b45bfe149a7a1e1b5a97f304b4518f257dac2a9ddc1808d57d650649c3ab855e9e60cf824d2970
  languageName: node
  linkType: hard

"js-tokens@npm:^4.0.0":
  version: 4.0.0
  resolution: "js-tokens@npm:4.0.0"
  checksum: 10c0/e248708d377aa058eacf2037b07ded847790e6de892bbad3dac0abba2e759cb9f121b00099a65195616badcb6eca8d14d975cb3e89eb1cfda644756402c8aeed
  languageName: node
  linkType: hard

"json5@npm:^1.0.1":
  version: 1.0.2
  resolution: "json5@npm:1.0.2"
  dependencies:
    minimist: "npm:^1.2.0"
  bin:
    json5: lib/cli.js
  checksum: 10c0/9ee316bf21f000b00752e6c2a3b79ecf5324515a5c60ee88983a1910a45426b643a4f3461657586e8aeca87aaf96f0a519b0516d2ae527a6c3e7eed80f68717f
  languageName: node
  linkType: hard

"loader-utils@npm:1.2.3":
  version: 1.2.3
  resolution: "loader-utils@npm:1.2.3"
  dependencies:
    big.js: "npm:^5.2.2"
    emojis-list: "npm:^2.0.0"
    json5: "npm:^1.0.1"
  checksum: 10c0/b4242988adf5d50e7a3dd7b2f0c7b6534ea580a27ae4f8ba226aea3219d8a72ffb6d1a9b200fc8e0435e38a22bce740b094f57be8d0142a3f1a75e610159235b
  languageName: node
  linkType: hard

"merge-stream@npm:^2.0.0":
  version: 2.0.0
  resolution: "merge-stream@npm:2.0.0"
  checksum: 10c0/867fdbb30a6d58b011449b8885601ec1690c3e41c759ecd5a9d609094f7aed0096c37823ff4a7190ef0b8f22cc86beb7049196ff68c016e3b3c671d0dac91ce5
  languageName: node
  linkType: hard

"minimist@npm:^1.2.0, minimist@npm:^1.2.5":
  version: 1.2.8
  resolution: "minimist@npm:1.2.8"
  checksum: 10c0/19d3fcdca050087b84c2029841a093691a91259a47def2f18222f41e7645a0b7c44ef4b40e88a1e58a40c84d2ef0ee6047c55594d298146d0eb3f6b737c20ce6
  languageName: node
  linkType: hard

"path-parse@npm:^1.0.7":
  version: 1.0.7
  resolution: "path-parse@npm:1.0.7"
  checksum: 10c0/11ce261f9d294cc7a58d6a574b7f1b935842355ec66fba3c3fd79e0f036462eaf07d0aa95bb74ff432f9afef97ce1926c720988c6a7451d8a584930ae7de86e1
  languageName: node
  linkType: hard

"picocolors@npm:^1.0.0":
  version: 1.0.1
  resolution: "picocolors@npm:1.0.1"
  checksum: 10c0/c63cdad2bf812ef0d66c8db29583802355d4ca67b9285d846f390cc15c2f6ccb94e8cb7eb6a6e97fc5990a6d3ad4ae42d86c84d3146e667c739a4234ed50d400
  languageName: node
  linkType: hard

"randombytes@npm:^2.1.0":
  version: 2.1.0
  resolution: "randombytes@npm:2.1.0"
  dependencies:
    safe-buffer: "npm:^5.1.0"
  checksum: 10c0/50395efda7a8c94f5dffab564f9ff89736064d32addf0cc7e8bf5e4166f09f8ded7a0849ca6c2d2a59478f7d90f78f20d8048bca3cdf8be09d8e8a10790388f3
  languageName: node
  linkType: hard

"resolve@npm:^1.10.0":
  version: 1.22.8
  resolution: "resolve@npm:1.22.8"
  dependencies:
    is-core-module: "npm:^2.13.0"
    path-parse: "npm:^1.0.7"
    supports-preserve-symlinks-flag: "npm:^1.0.0"
  bin:
    resolve: bin/resolve
  checksum: 10c0/07e179f4375e1fd072cfb72ad66d78547f86e6196c4014b31cb0b8bb1db5f7ca871f922d08da0fbc05b94e9fd42206f819648fa3b5b873ebbc8e1dc68fec433a
  languageName: node
  linkType: hard

"resolve@patch:resolve@npm%3A^1.10.0#optional!builtin<compat/resolve>":
  version: 1.22.8
  resolution: "resolve@patch:resolve@npm%3A1.22.8#optional!builtin<compat/resolve>::version=1.22.8&hash=c3c19d"
  dependencies:
    is-core-module: "npm:^2.13.0"
    path-parse: "npm:^1.0.7"
    supports-preserve-symlinks-flag: "npm:^1.0.0"
  bin:
    resolve: bin/resolve
  checksum: 10c0/0446f024439cd2e50c6c8fa8ba77eaa8370b4180f401a96abf3d1ebc770ac51c1955e12764cde449fde3fff480a61f84388e3505ecdbab778f4bef5f8212c729
  languageName: node
  linkType: hard

"rollup-plugin-node-resolve@npm:~4.2.3":
  version: 4.2.4
  resolution: "rollup-plugin-node-resolve@npm:4.2.4"
  dependencies:
    "@types/resolve": "npm:0.0.8"
    builtin-modules: "npm:^3.1.0"
    is-module: "npm:^1.0.0"
    resolve: "npm:^1.10.0"
  checksum: 10c0/f49b47100bc22e41e311308f8a595ccbc22f9eff7e0061792486ee63bede5a438e769982289ee0be49f6f1bcda2f39f4c9a91d2b77d6166d66b915ac58e3373e
  languageName: node
  linkType: hard

"rollup-plugin-terser@npm:^7.0.1":
  version: 7.0.2
  resolution: "rollup-plugin-terser@npm:7.0.2"
  dependencies:
    "@babel/code-frame": "npm:^7.10.4"
    jest-worker: "npm:^26.2.1"
    serialize-javascript: "npm:^4.0.0"
    terser: "npm:^5.0.0"
  peerDependencies:
    rollup: ^2.0.0
  checksum: 10c0/f79b851c6f7b06555d3a8ce7a4e32abd2b7cb8318e89fb8db73e662fa6e3af1a59920e881d111efc65a7437fd9582b61b1f4859b6fd839ba948616829d92432d
  languageName: node
  linkType: hard

"rollup@npm:~1.11.3":
  version: 1.11.3
  resolution: "rollup@npm:1.11.3"
  dependencies:
    "@types/estree": "npm:0.0.39"
    "@types/node": "npm:^11.13.9"
    acorn: "npm:^6.1.1"
  bin:
    rollup: ./bin/rollup
  checksum: 10c0/2a4872910b8ef78039d0280b888d4e0c065cff21b7b79b017b679b10bad71538b721be4254df5ba2939700115731ddf0d7f24e67ff46cf7602b37d9fc041cbe7
  languageName: node
  linkType: hard

"safe-buffer@npm:^5.1.0":
  version: 5.2.1
  resolution: "safe-buffer@npm:5.2.1"
  checksum: 10c0/6501914237c0a86e9675d4e51d89ca3c21ffd6a31642efeba25ad65720bce6921c9e7e974e5be91a786b25aa058b5303285d3c15dbabf983a919f5f630d349f3
  languageName: node
  linkType: hard

"serialize-javascript@npm:^4.0.0":
  version: 4.0.0
  resolution: "serialize-javascript@npm:4.0.0"
  dependencies:
    randombytes: "npm:^2.1.0"
  checksum: 10c0/510dfe7f0311c0b2f7ab06311afa1668ba2969ab2f1faaac0a4924ede76b7f22ba85cfdeaa0052ec5a047bca42c8cd8ac8df8f0efe52f9bd290b3a39ae69fe9d
  languageName: node
  linkType: hard

"source-list-map@npm:^2.0.0":
  version: 2.0.1
  resolution: "source-list-map@npm:2.0.1"
  checksum: 10c0/2e5e421b185dcd857f46c3c70e2e711a65d717b78c5f795e2e248c9d67757882ea989b80ebc08cf164eeeda5f4be8aa95d3b990225070b2daaaf3257c5958149
  languageName: node
  linkType: hard

"source-map-support@npm:~0.5.20":
  version: 0.5.21
  resolution: "source-map-support@npm:0.5.21"
  dependencies:
    buffer-from: "npm:^1.0.0"
    source-map: "npm:^0.6.0"
  checksum: 10c0/9ee09942f415e0f721d6daad3917ec1516af746a8120bba7bb56278707a37f1eb8642bde456e98454b8a885023af81a16e646869975f06afc1a711fb90484e7d
  languageName: node
  linkType: hard

"source-map@npm:0.5.6":
  version: 0.5.6
  resolution: "source-map@npm:0.5.6"
  checksum: 10c0/beb2c5974bb58954d75e86249953d47ae16f7df1a8531abb9fcae0cd262d9fa09c2db3a134e20e99358b1adba42b6b054a32c8e16b571b3efcf6af644c329f0d
  languageName: node
  linkType: hard

"source-map@npm:^0.6.0, source-map@npm:~0.6.1":
  version: 0.6.1
  resolution: "source-map@npm:0.6.1"
  checksum: 10c0/ab55398007c5e5532957cb0beee2368529618ac0ab372d789806f5718123cc4367d57de3904b4e6a4170eb5a0b0f41373066d02ca0735a0c4d75c7d328d3e011
  languageName: node
  linkType: hard

"supports-color@npm:^5.3.0":
  version: 5.5.0
  resolution: "supports-color@npm:5.5.0"
  dependencies:
    has-flag: "npm:^3.0.0"
  checksum: 10c0/6ae5ff319bfbb021f8a86da8ea1f8db52fac8bd4d499492e30ec17095b58af11f0c55f8577390a749b1c4dde691b6a0315dab78f5f54c9b3d83f8fb5905c1c05
  languageName: node
  linkType: hard

"supports-color@npm:^7.0.0":
  version: 7.2.0
  resolution: "supports-color@npm:7.2.0"
  dependencies:
    has-flag: "npm:^4.0.0"
  checksum: 10c0/afb4c88521b8b136b5f5f95160c98dee7243dc79d5432db7efc27efb219385bbc7d9427398e43dd6cc730a0f87d5085ce1652af7efbe391327bc0a7d0f7fc124
  languageName: node
  linkType: hard

"supports-preserve-symlinks-flag@npm:^1.0.0":
  version: 1.0.0
  resolution: "supports-preserve-symlinks-flag@npm:1.0.0"
  checksum: 10c0/6c4032340701a9950865f7ae8ef38578d8d7053f5e10518076e6554a9381fa91bd9c6850193695c141f32b21f979c985db07265a758867bac95de05f7d8aeb39
  languageName: node
  linkType: hard

"terser@npm:^5.0.0":
  version: 5.31.1
  resolution: "terser@npm:5.31.1"
  dependencies:
    "@jridgewell/source-map": "npm:^0.3.3"
    acorn: "npm:^8.8.2"
    commander: "npm:^2.20.0"
    source-map-support: "npm:~0.5.20"
  bin:
    terser: bin/terser
  checksum: 10c0/4d49a58f64c11f3742e779a0a03aff69972ca5739decb361d909d22c8f3f7d8e2ec982a928d987d56737ad50229e8ab3f62d8ba993e4b5f360a53ed487d3c06c
  languageName: node
  linkType: hard

"tslib@npm:^2.3.0":
  version: 2.6.3
  resolution: "tslib@npm:2.6.3"
  checksum: 10c0/2598aef53d9dbe711af75522464b2104724d6467b26a60f2bdac8297d2b5f1f6b86a71f61717384aa8fd897240467aaa7bcc36a0700a0faf751293d1331db39a
  languageName: node
  linkType: hard

"typescript@npm:3.2.4":
  version: 3.2.4
  resolution: "typescript@npm:3.2.4"
  bin:
    tsc: ./bin/tsc
    tsserver: ./bin/tsserver
  checksum: 10c0/fae6b38fae5d619b9252fcd134c54c369b67f70603c8b045dd7e61cdbe0ad9357730529c532849e9b1cacb19296f1a9281b85bbf9c06c35d7db9769015556c66
  languageName: node
  linkType: hard

"typescript@patch:typescript@npm%3A3.2.4#optional!builtin<compat/typescript>":
  version: 3.2.4
  resolution: "typescript@patch:typescript@npm%3A3.2.4#optional!builtin<compat/typescript>::version=3.2.4&hash=9a3324"
  bin:
    tsc: ./bin/tsc
    tsserver: ./bin/tsserver
  checksum: 10c0/5d3c32b3ad86485f820022d7d8e641acd3ac2f50eec9355c9c0d7288d01cb03cf800110ac9f106dc1ee5915ec298849a2447a2d0e89d9259e9d3b4d7e9462356
  languageName: node
  linkType: hard

"undici-types@npm:~5.26.4":
  version: 5.26.5
  resolution: "undici-types@npm:5.26.5"
  checksum: 10c0/bb673d7876c2d411b6eb6c560e0c571eef4a01c1c19925175d16e3a30c4c428181fb8d7ae802a261f283e4166a0ac435e2f505743aa9e45d893f9a3df017b501
  languageName: node
  linkType: hard

"webpack-sources@npm:1.3.0":
  version: 1.3.0
  resolution: "webpack-sources@npm:1.3.0"
  dependencies:
    source-list-map: "npm:^2.0.0"
    source-map: "npm:~0.6.1"
  checksum: 10c0/cc2c34fe713e4345eb536cbdc0765d50430668ff84a67ed93767ca985e08c7f8d5f7b3e04a84578c8d2b9df95749e46bc869f7642f33bdcd4ede3f997aa3c293
  languageName: node
  linkType: hard
