---
lockfileVersion: '9.0'

importers:

  .:
    configDependencies: {}
    packageManagerDependencies:
      pnpm:
        specifier: 12.5.1
        version: 12.5.1

packages:

  '@pnpm/exe.android-arm64@12.5.1':
    resolution: {integrity: sha512-6LGBmQuDzUmgpHSuy+haG0jrmkwFNa4EuShDZqK3cIBv4Wfb75CzjJmowkzr+iJg40vnBKMQ62t4Ko6mwsId7A==}
    cpu: [arm64]
    os: [android]

  '@pnpm/exe.android-x64@12.5.1':
    resolution: {integrity: sha512-091oCltP3Rx89yxL1Wh5rXkUXEyFzyxIzSHKRFDyDFlQkb8Ox8FaDcm+M8PNkMyqnLA+qeGOLzY7Rjj9izl1Ww==}
    cpu: [x64]
    os: [android]

  '@pnpm/exe.darwin-arm64@12.5.1':
    resolution: {integrity: sha512-r1vEMQPVjRexZMyL2HonxJoo3+nuB/+G+tg+f2PK6faRdXX1TDwevKXOxJAfqlPInTy6W/pm912+s+m0NcR4BQ==}
    cpu: [arm64]
    os: [darwin]

  '@pnpm/exe.darwin-x64@12.5.1':
    resolution: {integrity: sha512-YHwI1g2B+Y2cAEylOR31r781GWijdJL7Gy7TEn/ZpZ5v/Cuwp5/Pz0EFCgo0M2MKLafAbL/laUMGvOpAdnerAw==}
    cpu: [x64]
    os: [darwin]

  '@pnpm/exe.freebsd-x64@12.5.1':
    resolution: {integrity: sha512-sFUMHiYFs6q5syFwgaVppzhQSmqnXoJIz/YwTXIOXTDE76ndIpTRpDGAnBCBKjsaEBnqjJA/2l6hpJcNDNoMiA==}
    cpu: [x64]
    os: [freebsd]

  '@pnpm/exe.linux-arm64-musl@12.5.1':
    resolution: {integrity: sha512-zupuxYZBuBEGjUz805/4/Asq01UNziFADANt8yp+LdUjU9bbMa3xY78Bx1PsGDqBy7aiad4sdUMK8ZxH4n4gmQ==}
    cpu: [arm64]
    os: [linux]
    libc: [musl]

  '@pnpm/exe.linux-arm64@12.5.1':
    resolution: {integrity: sha512-6hbMWW2/eQo1b5wvQPe/ndLHVTH88Rav6N+ffD4/h6IuFMjWCgasFYYsFv0GrvpqREAx3SwmZSvli+0NFXqbxA==}
    cpu: [arm64]
    os: [linux]
    libc: [glibc]

  '@pnpm/exe.linux-ppc64@12.5.1':
    resolution: {integrity: sha512-Gg3maDzaE/ZFMV9HIx/BwMN0Y6QbEs13URfxmiYHtKjjLAs5wEQZRMUP87YNLYO7cNaEfbM8GRbS9vPosyD9Gw==}
    cpu: [ppc64]
    os: [linux]
    libc: [glibc]

  '@pnpm/exe.linux-riscv64@12.5.1':
    resolution: {integrity: sha512-6fgWxXYMBMsWQ8DAiRevscX4QZQjwh+FsyCj8ZOk8pMXvqeq84MqBLCmS6KckvnbdqJ+HlSVQ7fs/kd0ldwfhA==}
    cpu: [riscv64]
    os: [linux]
    libc: [glibc]

  '@pnpm/exe.linux-s390x@12.5.1':
    resolution: {integrity: sha512-nzMZruRvxDhEfYUhzu+7EmM39+82Dgagc/6hPFPqGqzXNGcIG0anuxbUxfeNtI64SHt91KuuYUmCB/inlM+Pag==}
    cpu: [s390x]
    os: [linux]
    libc: [glibc]

  '@pnpm/exe.linux-x64-musl@12.5.1':
    resolution: {integrity: sha512-kHCbegdTNHpzmPtUD4S5fqkVkqgdQR47spF9p2VPP3dIIkZl6Ytk8w0vhlAsAGgge8FmucfwX+vvPKgm0NtOCQ==}
    cpu: [x64]
    os: [linux]
    libc: [musl]

  '@pnpm/exe.linux-x64@12.5.1':
    resolution: {integrity: sha512-3PkUBYo5z4dgtlnTNIFj7QGpcDUAuqXz9WGVigPDCeccEnhGiRkWmA5102TmYJHtwJP3LfmE+ZF9PGeWhn8p9Q==}
    cpu: [x64]
    os: [linux]
    libc: [glibc]

  '@pnpm/exe.win32-arm64@12.5.1':
    resolution: {integrity: sha512-49NvjZIXHly56/PLoEDD7VphbO4N8dwMXoApElDFCpVGDNGeKlwlib1tXtnpTF6i2/XIsAj7GgatHB5KHXgBnA==}
    cpu: [arm64]
    os: [win32]

  '@pnpm/exe.win32-x64@12.5.1':
    resolution: {integrity: sha512-ePUmQFPAPJFNMwg1lelDx2PdjHqYRiF0yfg5e6qeDbPNOu97QNo557Ru/SxmCrmt8ydQWNuZXWpdEp019md5vw==}
    cpu: [x64]
    os: [win32]

  pnpm@12.5.1:
    resolution: {integrity: sha512-4/MFvHhKK8ifWtO2E4iJRw+ujSr182thIW7JHCw9ZAiXdfneOKrDMQROpA8kXLDVZmOS399lgk4ZB+9qLGLeXw==}
    engines: {node: '>=18.*'}
    hasBin: true

snapshots:

  '@pnpm/exe.android-arm64@12.5.1':
    optional: true

  '@pnpm/exe.android-x64@12.5.1':
    optional: true

  '@pnpm/exe.darwin-arm64@12.5.1':
    optional: true

  '@pnpm/exe.darwin-x64@12.5.1':
    optional: true

  '@pnpm/exe.freebsd-x64@12.5.1':
    optional: true

  '@pnpm/exe.linux-arm64-musl@12.5.1':
    optional: true

  '@pnpm/exe.linux-arm64@12.5.1':
    optional: true

  '@pnpm/exe.linux-ppc64@12.5.1':
    optional: true

  '@pnpm/exe.linux-riscv64@12.5.1':
    optional: true

  '@pnpm/exe.linux-s390x@12.5.1':
    optional: true

  '@pnpm/exe.linux-x64-musl@12.5.1':
    optional: true

  '@pnpm/exe.linux-x64@12.5.1':
    optional: true

  '@pnpm/exe.win32-arm64@12.5.1':
    optional: true

  '@pnpm/exe.win32-x64@12.5.1':
    optional: true

  pnpm@12.5.1:
    optionalDependencies:
      '@pnpm/exe.android-arm64': 12.5.1
      '@pnpm/exe.android-x64': 12.5.1
      '@pnpm/exe.darwin-arm64': 12.5.1
      '@pnpm/exe.darwin-x64': 12.5.1
      '@pnpm/exe.freebsd-x64': 12.5.1
      '@pnpm/exe.linux-arm64': 12.5.1
      '@pnpm/exe.linux-arm64-musl': 12.5.1
      '@pnpm/exe.linux-ppc64': 12.5.1
      '@pnpm/exe.linux-riscv64': 12.5.1
      '@pnpm/exe.linux-s390x': 12.5.1
      '@pnpm/exe.linux-x64': 12.5.1
      '@pnpm/exe.linux-x64-musl': 12.5.1
      '@pnpm/exe.win32-arm64': 12.5.1
      '@pnpm/exe.win32-x64': 12.5.1

---
lockfileVersion: '9.0'

settings:
  autoInstallPeers: true
  excludeLinksFromLockfile: false

importers:

  .:
    dependencies:
      '@angular/animations':
        specifier: link:./in-existing-linked-by-bazel
        version: link:in-existing-linked-by-bazel
      '@angular/common':
        specifier: link:./in-existing-linked-by-bazel
        version: link:in-existing-linked-by-bazel
      '@angular/compiler':
        specifier: link:./in-existing-linked-by-bazel
        version: link:in-existing-linked-by-bazel
      '@angular/compiler-cli':
        specifier: link:./in-existing-linked-by-bazel
        version: link:in-existing-linked-by-bazel
      '@angular/core':
        specifier: link:./in-existing-linked-by-bazel
        version: link:in-existing-linked-by-bazel
      '@angular/elements':
        specifier: link:./in-existing-linked-by-bazel
        version: link:in-existing-linked-by-bazel
      '@angular/forms':
        specifier: link:./in-existing-linked-by-bazel
        version: link:in-existing-linked-by-bazel
      '@angular/platform-browser':
        specifier: link:./in-existing-linked-by-bazel
        version: link:in-existing-linked-by-bazel
      '@angular/platform-browser-dynamic':
        specifier: link:./in-existing-linked-by-bazel
        version: link:in-existing-linked-by-bazel
      '@angular/platform-server':
        specifier: link:./in-existing-linked-by-bazel
        version: link:in-existing-linked-by-bazel
      '@angular/router':
        specifier: link:./in-existing-linked-by-bazel
        version: link:in-existing-linked-by-bazel
      '@angular/service-worker':
        specifier: link:./in-existing-linked-by-bazel
        version: link:in-existing-linked-by-bazel
      '@angular/upgrade':
        specifier: link:./in-existing-linked-by-bazel
        version: link:in-existing-linked-by-bazel
      '@types/jasmine':
        specifier: ^6.0.0
        version: 6.0.0
      '@types/node':
        specifier: ^20.14.8
        version: 20.19.43
      rxjs:
        specifier: ^7.0.0
        version: 7.8.2
      typescript:
        specifier: 6.0.3
        version: 6.0.3
      zone.js:
        specifier: 0.16.2
        version: 0.16.2

packages:

  '@types/jasmine@6.0.0':
    resolution: {integrity: sha512-18lgGsLmEh3VJk9eZ5wAjTISxdqzl6YOwu8UdMpolajN57QOCNbl+AbHUd+Yu9ItrsFdB+c8LSZSGNg8nHaguw==}

  '@types/node@20.19.43':
    resolution: {integrity: sha512-6oYBAi5ikg4Pl+kGsoYtawUMBT2zZMCvPNF7pVLnHZfd1zf38DRiWn/gT01RYCdUqkv7Fhr+C9ot4/tb+2sVvA==}

  rxjs@7.8.2:
    resolution: {integrity: sha512-dhKf903U/PQZY6boNNtAGdWbG85WAbjT/1xYoZIC7FAY0yWapOBQVsVrDl58W86//e1VpMNBtRV4MaXfdMySFA==}

  tslib@2.8.1:
    resolution: {integrity: sha512-oJFu94HQb+KVduSUQL7wnpmqnfmLsOA/nAh6b6EH0wCEoK0/mPeXU6c3wKDV83MkOuHPRHtSXKKU99IBazS/2w==}

  typescript@6.0.3:
    resolution: {integrity: sha512-y2TvuxSZPDyQakkFRPZHKFm+KKVqIisdg9/CZwm9ftvKXLP8NRWj38/ODjNbr43SsoXqNuAisEf1GdCxqWcdBw==}
    engines: {node: '>=14.17'}
    hasBin: true

  undici-types@6.21.0:
    resolution: {integrity: sha512-iwDZqg0QAGrg9Rav5H4n0M64c3mkR59cJ6wQp+7C4nI0gsmExaedaYLNO44eT4AtBBwjbTiGPMlt2Md0T9H9JQ==}

  zone.js@0.16.2:
    resolution: {integrity: sha512-Eky7p2Z1Ig3NnbfodSPoARCjKBSTFMnE/ACsP1L/XJEfY4SdOFce19BsUCWVwL6K5ABZFy5J3bjcMWffX+YM3Q==}

snapshots:

  '@types/jasmine@6.0.0': {}

  '@types/node@20.19.43':
    dependencies:
      undici-types: 6.21.0

  rxjs@7.8.2:
    dependencies:
      tslib: 2.8.1

  tslib@2.8.1: {}

  typescript@6.0.3: {}

  undici-types@6.21.0: {}

  zone.js@0.16.2: {}
