lockfileVersion: '9.0'

settings:
  autoInstallPeers: true
  excludeLinksFromLockfile: false

importers:

  .:
    dependencies:
      '@angular/animations':
        specifier: file:../../dist/packages-dist/animations
        version: file:../../dist/packages-dist/animations(@angular/core@file:../../dist/packages-dist/core(@angular/compiler@file:../../dist/packages-dist/compiler)(rxjs@7.8.2)(zone.js@file:../../node_modules/zone.js))
      '@angular/common':
        specifier: file:../../dist/packages-dist/common
        version: file:../../dist/packages-dist/common(@angular/core@file:../../dist/packages-dist/core(@angular/compiler@file:../../dist/packages-dist/compiler)(rxjs@7.8.2)(zone.js@file:../../node_modules/zone.js))(rxjs@7.8.2)
      '@angular/compiler':
        specifier: file:../../dist/packages-dist/compiler
        version: file:../../dist/packages-dist/compiler
      '@angular/compiler-cli':
        specifier: file:../../dist/packages-dist/compiler-cli
        version: file:../../dist/packages-dist/compiler-cli(@angular/compiler@file:../../dist/packages-dist/compiler)(typescript@file:../../node_modules/typescript)
      '@angular/core':
        specifier: file:../../dist/packages-dist/core
        version: file:../../dist/packages-dist/core(@angular/compiler@file:../../dist/packages-dist/compiler)(rxjs@7.8.2)(zone.js@file:../../node_modules/zone.js)
      '@angular/elements':
        specifier: file:../../dist/packages-dist/elements
        version: file:../../dist/packages-dist/elements(@angular/core@file:../../dist/packages-dist/core(@angular/compiler@file:../../dist/packages-dist/compiler)(rxjs@7.8.2)(zone.js@file:../../node_modules/zone.js))(rxjs@7.8.2)
      '@angular/forms':
        specifier: file:../../dist/packages-dist/forms
        version: file:../../dist/packages-dist/forms(372d382660c163575962be2c5293fdf4)
      '@angular/platform-browser':
        specifier: file:../../dist/packages-dist/platform-browser
        version: file:../../dist/packages-dist/platform-browser(@angular/animations@file:../../dist/packages-dist/animations(@angular/core@file:../../dist/packages-dist/core(@angular/compiler@file:../../dist/packages-dist/compiler)(rxjs@7.8.2)(zone.js@file:../../node_modules/zone.js)))(@angular/common@file:../../dist/packages-dist/common(@angular/core@file:../../dist/packages-dist/core(@angular/compiler@file:../../dist/packages-dist/compiler)(rxjs@7.8.2)(zone.js@file:../../node_modules/zone.js))(rxjs@7.8.2))(@angular/core@file:../../dist/packages-dist/core(@angular/compiler@file:../../dist/packages-dist/compiler)(rxjs@7.8.2)(zone.js@file:../../node_modules/zone.js))
      '@angular/platform-browser-dynamic':
        specifier: file:../../dist/packages-dist/platform-browser-dynamic
        version: file:../../dist/packages-dist/platform-browser-dynamic(fd5cd9389cccd2bae7a6770256c06e16)
      '@angular/platform-server':
        specifier: file:../../dist/packages-dist/platform-server
        version: file:../../dist/packages-dist/platform-server(6ca6e06662419e52f3ddf8e1f16dfdc6)
      '@angular/router':
        specifier: file:../../dist/packages-dist/router
        version: file:../../dist/packages-dist/router(acad40031021337c040f2b84cb643320)
      '@angular/service-worker':
        specifier: file:../../dist/packages-dist/service-worker
        version: file:../../dist/packages-dist/service-worker(@angular/core@file:../../dist/packages-dist/core(@angular/compiler@file:../../dist/packages-dist/compiler)(rxjs@7.8.2)(zone.js@file:../../node_modules/zone.js))(rxjs@7.8.2)
      '@angular/upgrade':
        specifier: file:../../dist/packages-dist/upgrade
        version: file:../../dist/packages-dist/upgrade(8ace18c055a31f511f6818d08d083310)
      '@types/jasmine':
        specifier: file:../../node_modules/@types/jasmine
        version: file:../../node_modules/@types/jasmine
      '@types/node':
        specifier: file:../../node_modules/@types/node
        version: file:../../node_modules/@types/node
      rxjs:
        specifier: ^7.4.0
        version: 7.8.2
      typescript:
        specifier: file:../../node_modules/typescript
        version: file:../../node_modules/typescript
      zone.js:
        specifier: file:../../node_modules/zone.js
        version: file:../../node_modules/zone.js

packages:

  '@angular/animations@file:../../dist/packages-dist/animations':
    resolution: {directory: ../../dist/packages-dist/animations, type: directory}
    engines: {node: ^20.19.0 || ^22.12.0 || >=24.0.0}
    peerDependencies:
      '@angular/core': 21.0.0-next.3+sha-e715426-with-local-changes

  '@angular/common@file:../../dist/packages-dist/common':
    resolution: {directory: ../../dist/packages-dist/common, type: directory}
    engines: {node: ^20.19.0 || ^22.12.0 || >=24.0.0}
    peerDependencies:
      '@angular/core': 21.0.0-next.3+sha-e715426-with-local-changes
      rxjs: ^6.5.3 || ^7.4.0

  '@angular/compiler-cli@file:../../dist/packages-dist/compiler-cli':
    resolution: {directory: ../../dist/packages-dist/compiler-cli, type: directory}
    engines: {node: ^20.19.0 || ^22.12.0 || >=24.0.0}
    hasBin: true
    peerDependencies:
      '@angular/compiler': 21.0.0-next.3+sha-e715426-with-local-changes
      typescript: '>=5.9 <6.0'
    peerDependenciesMeta:
      typescript:
        optional: true

  '@angular/compiler@file:../../dist/packages-dist/compiler':
    resolution: {directory: ../../dist/packages-dist/compiler, type: directory}
    engines: {node: ^20.19.0 || ^22.12.0 || >=24.0.0}

  '@angular/core@file:../../dist/packages-dist/core':
    resolution: {directory: ../../dist/packages-dist/core, type: directory}
    engines: {node: ^20.19.0 || ^22.12.0 || >=24.0.0}
    peerDependencies:
      '@angular/compiler': 21.0.0-next.3+sha-e715426-with-local-changes
      rxjs: ^6.5.3 || ^7.4.0
      zone.js: ~0.15.0
    peerDependenciesMeta:
      '@angular/compiler':
        optional: true
      zone.js:
        optional: true

  '@angular/elements@file:../../dist/packages-dist/elements':
    resolution: {directory: ../../dist/packages-dist/elements, type: directory}
    engines: {node: ^20.19.0 || ^22.12.0 || >=24.0.0}
    peerDependencies:
      '@angular/core': 21.0.0-next.3+sha-e715426-with-local-changes
      rxjs: ^6.5.3 || ^7.4.0

  '@angular/forms@file:../../dist/packages-dist/forms':
    resolution: {directory: ../../dist/packages-dist/forms, type: directory}
    engines: {node: ^20.19.0 || ^22.12.0 || >=24.0.0}
    peerDependencies:
      '@angular/common': 21.0.0-next.3+sha-e715426-with-local-changes
      '@angular/core': 21.0.0-next.3+sha-e715426-with-local-changes
      '@angular/platform-browser': 21.0.0-next.3+sha-e715426-with-local-changes
      '@standard-schema/spec': ^1.0.0
      rxjs: ^6.5.3 || ^7.4.0

  '@angular/platform-browser-dynamic@file:../../dist/packages-dist/platform-browser-dynamic':
    resolution: {directory: ../../dist/packages-dist/platform-browser-dynamic, type: directory}
    engines: {node: ^20.19.0 || ^22.12.0 || >=24.0.0}
    peerDependencies:
      '@angular/common': 21.0.0-next.3+sha-e715426-with-local-changes
      '@angular/compiler': 21.0.0-next.3+sha-e715426-with-local-changes
      '@angular/core': 21.0.0-next.3+sha-e715426-with-local-changes
      '@angular/platform-browser': 21.0.0-next.3+sha-e715426-with-local-changes

  '@angular/platform-browser@file:../../dist/packages-dist/platform-browser':
    resolution: {directory: ../../dist/packages-dist/platform-browser, type: directory}
    engines: {node: ^20.19.0 || ^22.12.0 || >=24.0.0}
    peerDependencies:
      '@angular/animations': 21.0.0-next.3+sha-e715426-with-local-changes
      '@angular/common': 21.0.0-next.3+sha-e715426-with-local-changes
      '@angular/core': 21.0.0-next.3+sha-e715426-with-local-changes
    peerDependenciesMeta:
      '@angular/animations':
        optional: true

  '@angular/platform-server@file:../../dist/packages-dist/platform-server':
    resolution: {directory: ../../dist/packages-dist/platform-server, type: directory}
    engines: {node: ^20.19.0 || ^22.12.0 || >=24.0.0}
    peerDependencies:
      '@angular/common': 21.0.0-next.3+sha-e715426-with-local-changes
      '@angular/compiler': 21.0.0-next.3+sha-e715426-with-local-changes
      '@angular/core': 21.0.0-next.3+sha-e715426-with-local-changes
      '@angular/platform-browser': 21.0.0-next.3+sha-e715426-with-local-changes
      rxjs: ^6.5.3 || ^7.4.0

  '@angular/router@file:../../dist/packages-dist/router':
    resolution: {directory: ../../dist/packages-dist/router, type: directory}
    engines: {node: ^20.19.0 || ^22.12.0 || >=24.0.0}
    peerDependencies:
      '@angular/common': 21.0.0-next.3+sha-e715426-with-local-changes
      '@angular/core': 21.0.0-next.3+sha-e715426-with-local-changes
      '@angular/platform-browser': 21.0.0-next.3+sha-e715426-with-local-changes
      rxjs: ^6.5.3 || ^7.4.0

  '@angular/service-worker@file:../../dist/packages-dist/service-worker':
    resolution: {directory: ../../dist/packages-dist/service-worker, type: directory}
    engines: {node: ^20.19.0 || ^22.12.0 || >=24.0.0}
    hasBin: true
    peerDependencies:
      '@angular/core': 21.0.0-next.3+sha-e715426-with-local-changes
      rxjs: ^6.5.3 || ^7.4.0

  '@angular/upgrade@file:../../dist/packages-dist/upgrade':
    resolution: {directory: ../../dist/packages-dist/upgrade, type: directory}
    engines: {node: ^20.19.0 || ^22.12.0 || >=24.0.0}
    peerDependencies:
      '@angular/compiler': 21.0.0-next.3+sha-e715426-with-local-changes
      '@angular/core': 21.0.0-next.3+sha-e715426-with-local-changes
      '@angular/platform-browser': 21.0.0-next.3+sha-e715426-with-local-changes
      '@angular/platform-browser-dynamic': 21.0.0-next.3+sha-e715426-with-local-changes

  '@babel/code-frame@7.27.1':
    resolution: {integrity: sha512-cjQ7ZlQ0Mv3b47hABuTevyTuYN4i+loJKGeV9flcCgIK37cCXRh+L1bd3iBHlynerhQ7BhCkn2BPbQUL+rGqFg==}
    engines: {node: '>=6.9.0'}

  '@babel/compat-data@7.28.4':
    resolution: {integrity: sha512-YsmSKC29MJwf0gF8Rjjrg5LQCmyh+j/nD8/eP7f+BeoQTKYqs9RoWbjGOdy0+1Ekr68RJZMUOPVQaQisnIo4Rw==}
    engines: {node: '>=6.9.0'}

  '@babel/core@7.28.4':
    resolution: {integrity: sha512-2BCOP7TN8M+gVDj7/ht3hsaO/B/n5oDbiAyyvnRlNOs+u1o+JWNYTQrmpuNp1/Wq2gcFrI01JAW+paEKDMx/CA==}
    engines: {node: '>=6.9.0'}

  '@babel/generator@7.28.3':
    resolution: {integrity: sha512-3lSpxGgvnmZznmBkCRnVREPUFJv2wrv9iAoFDvADJc0ypmdOxdUtcLeBgBJ6zE0PMeTKnxeQzyk0xTBq4Ep7zw==}
    engines: {node: '>=6.9.0'}

  '@babel/helper-compilation-targets@7.27.2':
    resolution: {integrity: sha512-2+1thGUUWWjLTYTHZWK1n8Yga0ijBz1XAhUXcKy81rd5g6yh7hGqMp45v7cadSbEHc9G3OTv45SyneRN3ps4DQ==}
    engines: {node: '>=6.9.0'}

  '@babel/helper-globals@7.28.0':
    resolution: {integrity: sha512-+W6cISkXFa1jXsDEdYA8HeevQT/FULhxzR99pxphltZcVaugps53THCeiWA8SguxxpSp3gKPiuYfSWopkLQ4hw==}
    engines: {node: '>=6.9.0'}

  '@babel/helper-module-imports@7.27.1':
    resolution: {integrity: sha512-0gSFWUPNXNopqtIPQvlD5WgXYI5GY2kP2cCvoT8kczjbfcfuIljTbcWrulD1CIPIX2gt1wghbDy08yE1p+/r3w==}
    engines: {node: '>=6.9.0'}

  '@babel/helper-module-transforms@7.28.3':
    resolution: {integrity: sha512-gytXUbs8k2sXS9PnQptz5o0QnpLL51SwASIORY6XaBKF88nsOT0Zw9szLqlSGQDP/4TljBAD5y98p2U1fqkdsw==}
    engines: {node: '>=6.9.0'}
    peerDependencies:
      '@babel/core': ^7.0.0

  '@babel/helper-string-parser@7.27.1':
    resolution: {integrity: sha512-qMlSxKbpRlAridDExk92nSobyDdpPijUq2DW6oDnUqd0iOGxmQjyqhMIihI9+zv4LPyZdRje2cavWPbCbWm3eA==}
    engines: {node: '>=6.9.0'}

  '@babel/helper-validator-identifier@7.27.1':
    resolution: {integrity: sha512-D2hP9eA+Sqx1kBZgzxZh0y1trbuU+JoDkiEwqhQ36nodYqJwyEIhPSdMNd7lOm/4io72luTPWH20Yda0xOuUow==}
    engines: {node: '>=6.9.0'}

  '@babel/helper-validator-option@7.27.1':
    resolution: {integrity: sha512-YvjJow9FxbhFFKDSuFnVCe2WxXk1zWc22fFePVNEaWJEu8IrZVlda6N0uHwzZrUM1il7NC9Mlp4MaJYbYd9JSg==}
    engines: {node: '>=6.9.0'}

  '@babel/helpers@7.28.4':
    resolution: {integrity: sha512-HFN59MmQXGHVyYadKLVumYsA9dBFun/ldYxipEjzA4196jpLZd8UjEEBLkbEkvfYreDqJhZxYAWFPtrfhNpj4w==}
    engines: {node: '>=6.9.0'}

  '@babel/parser@7.28.4':
    resolution: {integrity: sha512-yZbBqeM6TkpP9du/I2pUZnJsRMGGvOuIrhjzC1AwHwW+6he4mni6Bp/m8ijn0iOuZuPI2BfkCoSRunpyjnrQKg==}
    engines: {node: '>=6.0.0'}
    hasBin: true

  '@babel/template@7.27.2':
    resolution: {integrity: sha512-LPDZ85aEJyYSd18/DkjNh4/y1ntkE5KwUHWTiqgRxruuZL2F1yuHligVHLvcHY2vMHXttKFpJn6LwfI7cw7ODw==}
    engines: {node: '>=6.9.0'}

  '@babel/traverse@7.28.4':
    resolution: {integrity: sha512-YEzuboP2qvQavAcjgQNVgsvHIDv6ZpwXvcvjmyySP2DIMuByS/6ioU5G9pYrWHM6T2YDfc7xga9iNzYOs12CFQ==}
    engines: {node: '>=6.9.0'}

  '@babel/types@7.28.4':
    resolution: {integrity: sha512-bkFqkLhh3pMBUQQkpVgWDWq/lqzc2678eUyDlTBhRqhCHFguYYGM0Efga7tYk4TogG/3x0EEl66/OQ+WGbWB/Q==}
    engines: {node: '>=6.9.0'}

  '@jridgewell/gen-mapping@0.3.13':
    resolution: {integrity: sha512-2kkt/7niJ6MgEPxF0bYdQ6etZaA+fQvDcLKckhy1yIQOzaoKjBBjSj63/aLVjYE3qhRt5dvM+uUyfCg6UKCBbA==}

  '@jridgewell/remapping@2.3.5':
    resolution: {integrity: sha512-LI9u/+laYG4Ds1TDKSJW2YPrIlcVYOwi2fUC6xB43lueCjgxV4lffOCZCtYFiH6TNOX+tQKXx97T4IKHbhyHEQ==}

  '@jridgewell/resolve-uri@3.1.2':
    resolution: {integrity: sha512-bRISgCIjP20/tbWSPWMEi54QVPRZExkuD9lJL+UIxUKtwVJA8wW1Trb1jMs1RFXo1CBTNZ/5hpC9QvmKWdopKw==}
    engines: {node: '>=6.0.0'}

  '@jridgewell/sourcemap-codec@1.5.5':
    resolution: {integrity: sha512-cYQ9310grqxueWbl+WuIUIaiUaDcj7WOq5fVhEljNVgRfOUhY9fy2zTvfoqWsnebh8Sl70VScFbICvJnLKB0Og==}

  '@jridgewell/trace-mapping@0.3.31':
    resolution: {integrity: sha512-zzNR+SdQSDJzc8joaeP8QQoCQr8NuYx2dIIytl1QeBEZHJ9uW6hebsrYgbz8hJwUQao3TWCMtmfV8Nu1twOLAw==}

  '@standard-schema/spec@1.0.0':
    resolution: {integrity: sha512-m2bOd0f2RT9k8QJx1JN85cZYyH1RqFBdlwtkSlf4tBDYLCiiZnv1fIIwacK6cqwXavOydf0NPToMQgpKq+dVlA==}

  '@types/jasmine@file:../../node_modules/@types/jasmine':
    resolution: {directory: ../../node_modules/@types/jasmine, type: directory}

  '@types/node@file:../../node_modules/@types/node':
    resolution: {directory: ../../node_modules/@types/node, type: directory}

  ansi-regex@6.2.2:
    resolution: {integrity: sha512-Bq3SmSpyFHaWjPk8If9yc6svM8c56dB5BAtW4Qbw5jHTwwXXcTLoRMkpDJp6VL0XzlWaCHTXrkFURMYmD0sLqg==}
    engines: {node: '>=12'}

  ansi-styles@6.2.3:
    resolution: {integrity: sha512-4Dj6M28JB+oAH8kFkTLUo+a2jwOFkuqb3yucU0CANcRRUbxS0cP0nZYCGjcc3BNXwRIsUVmDGgzawme7zvJHvg==}
    engines: {node: '>=12'}

  baseline-browser-mapping@2.8.5:
    resolution: {integrity: sha512-TiU4qUT9jdCuh4aVOG7H1QozyeI2sZRqoRPdqBIaslfNt4WUSanRBueAwl2x5jt4rXBMim3lIN2x6yT8PDi24Q==}
    hasBin: true

  browserslist@4.26.2:
    resolution: {integrity: sha512-ECFzp6uFOSB+dcZ5BK/IBaGWssbSYBHvuMeMt3MMFyhI0Z8SqGgEkBLARgpRH3hutIgPVsALcMwbDrJqPxQ65A==}
    engines: {node: ^6 || ^7 || ^8 || ^9 || ^10 || ^11 || ^12 || >=13.7}
    hasBin: true

  caniuse-lite@1.0.30001743:
    resolution: {integrity: sha512-e6Ojr7RV14Un7dz6ASD0aZDmQPT/A+eZU+nuTNfjqmRrmkmQlnTNWH0SKmqagx9PeW87UVqapSurtAXifmtdmw==}

  chokidar@4.0.3:
    resolution: {integrity: sha512-Qgzu8kfBvo+cA4962jnP1KkS6Dop5NS6g7R5LFYJr4b8Ub94PPQXUksCw9PvXoeXPRRddRNC5C1JQUR2SMGtnA==}
    engines: {node: '>= 14.16.0'}

  cliui@9.0.1:
    resolution: {integrity: sha512-k7ndgKhwoQveBL+/1tqGJYNz097I7WOvwbmmU2AR5+magtbjPWQTS1C5vzGkBC8Ym8UWRzfKUzUUqFLypY4Q+w==}
    engines: {node: '>=20'}

  convert-source-map@1.9.0:
    resolution: {integrity: sha512-ASFBup0Mz1uyiIjANan1jzLQami9z1PoYSZCiiYW2FczPbenXc45FZdBZLzOT+r6+iciuEModtmCti+hjaAk0A==}

  convert-source-map@2.0.0:
    resolution: {integrity: sha512-Kvp459HrV2FEJ1CAsi1Ku+MY3kasH19TFykTz2xWmMeq6bk2NU3XXvfJ+Q61m0xktWwt+1HSYf3JZsTms3aRJg==}

  debug@4.4.3:
    resolution: {integrity: sha512-RGwwWnwQvkVfavKVt22FGLw+xYSdzARwm0ru6DhTVA3umU5hZc28V3kO4stgYryrTlLpuvgI9GiijltAjNbcqA==}
    engines: {node: '>=6.0'}
    peerDependencies:
      supports-color: '*'
    peerDependenciesMeta:
      supports-color:
        optional: true

  electron-to-chromium@1.5.221:
    resolution: {integrity: sha512-/1hFJ39wkW01ogqSyYoA4goOXOtMRy6B+yvA1u42nnsEGtHzIzmk93aPISumVQeblj47JUHLC9coCjUxb1EvtQ==}

  emoji-regex@10.5.0:
    resolution: {integrity: sha512-lb49vf1Xzfx080OKA0o6l8DQQpV+6Vg95zyCJX9VB/BqKYlhG7N4wgROUUHRA+ZPUefLnteQOad7z1kT2bV7bg==}

  escalade@3.2.0:
    resolution: {integrity: sha512-WUj2qlxaQtO4g6Pq5c29GTcWGDyd8itL8zTlipgECz3JesAiiOKotd8JU6otB3PACgG6xkJUyVhboMS+bje/jA==}
    engines: {node: '>=6'}

  gensync@1.0.0-beta.2:
    resolution: {integrity: sha512-3hN7NaskYvMDLQY55gnW3NQ+mesEAepTqlg+VEbj7zzqEMBVNhzcGYYeqFo/TlYz6eQiFcp1HcsCZO+nGgS8zg==}
    engines: {node: '>=6.9.0'}

  get-caller-file@2.0.5:
    resolution: {integrity: sha512-DyFP3BM/3YHTQOCUL/w0OZHR0lpKeGrxotcHWcqNEdnltqFwXVfhEBQ94eIo34AfQpo0rGki4cyIiftY06h2Fg==}
    engines: {node: 6.* || 8.* || >= 10.*}

  get-east-asian-width@1.4.0:
    resolution: {integrity: sha512-QZjmEOC+IT1uk6Rx0sX22V6uHWVwbdbxf1faPqJ1QhLdGgsRGCZoyaQBm/piRdJy/D2um6hM1UP7ZEeQ4EkP+Q==}
    engines: {node: '>=18'}

  js-tokens@4.0.0:
    resolution: {integrity: sha512-RdJUflcE3cUzKiMqQgsCu06FPu9UdIJO0beYbPhHN4k6apgJtifcoCtT9bcxOpYBtpD2kCM6Sbzg4CausW/PKQ==}

  jsesc@3.1.0:
    resolution: {integrity: sha512-/sM3dO2FOzXjKQhJuo0Q173wf2KOo8t4I8vHy6lF9poUp7bKT0/NHE8fPX23PwfhnykfqnC2xRxOnVw5XuGIaA==}
    engines: {node: '>=6'}
    hasBin: true

  json5@2.2.3:
    resolution: {integrity: sha512-XmOWe7eyHYH14cLdVPoyg+GOH3rYX++KpzrylJwSW98t3Nk+U8XOl8FWKOgwtzdb8lXGf6zYwDUzeHMWfxasyg==}
    engines: {node: '>=6'}
    hasBin: true

  lru-cache@5.1.1:
    resolution: {integrity: sha512-KpNARQA3Iwv+jTA0utUVVbrh+Jlrr1Fv0e56GGzAFOXN7dk/FviaDW8LHmK52DlcH4WP2n6gI8vN1aesBFgo9w==}

  ms@2.1.3:
    resolution: {integrity: sha512-6FlzubTLZG3J2a/NVCAleEhjzq5oxgHyaCU9yYXvcLsvoVaHJq/s5xXI6/XXP6tz7R9xAOtHnSO/tXtF3WRTlA==}

  node-releases@2.0.21:
    resolution: {integrity: sha512-5b0pgg78U3hwXkCM8Z9b2FJdPZlr9Psr9V2gQPESdGHqbntyFJKFW4r5TeWGFzafGY3hzs1JC62VEQMbl1JFkw==}

  picocolors@1.1.1:
    resolution: {integrity: sha512-xceH2snhtb5M9liqDsmEw56le376mTZkEX/jEb/RxNFyegNul7eNslCXP9FDj/Lcu0X8KEyMceP2ntpaHrDEVA==}

  readdirp@4.1.2:
    resolution: {integrity: sha512-GDhwkLfywWL2s6vEjyhri+eXmfH6j1L7JE27WhqLeYzoh/A3DBaYGEj2H/HFZCn/kMfim73FXxEJTw06WtxQwg==}
    engines: {node: '>= 14.18.0'}

  reflect-metadata@0.2.2:
    resolution: {integrity: sha512-urBwgfrvVP/eAyXx4hluJivBKzuEbSQs9rKWCrCkbSxNv8mxPcUZKeuoF3Uy4mJl3Lwprp6yy5/39VWigZ4K6Q==}

  rxjs@7.8.2:
    resolution: {integrity: sha512-dhKf903U/PQZY6boNNtAGdWbG85WAbjT/1xYoZIC7FAY0yWapOBQVsVrDl58W86//e1VpMNBtRV4MaXfdMySFA==}

  semver@6.3.1:
    resolution: {integrity: sha512-BR7VvDCVHO+q2xBEWskxS6DJE1qRnb7DxzUrogb71CWoSficBxYsiAGd+Kl0mmq/MprG9yArRkyrQxTO6XjMzA==}
    hasBin: true

  semver@7.7.2:
    resolution: {integrity: sha512-RF0Fw+rO5AMf9MAyaRXI4AV0Ulj5lMHqVxxdSgiVbixSCXoEmmX/jk0CuJw4+3SqroYO9VoUh+HcuJivvtJemA==}
    engines: {node: '>=10'}
    hasBin: true

  string-width@7.2.0:
    resolution: {integrity: sha512-tsaTIkKW9b4N+AEj+SVA+WhJzV7/zMhcSu78mLKWSk7cXMOSHsBKFWUs0fWwq8QyK3MgJBQRX6Gbi4kYbdvGkQ==}
    engines: {node: '>=18'}

  strip-ansi@7.1.2:
    resolution: {integrity: sha512-gmBGslpoQJtgnMAvOVqGZpEz9dyoKTCzy2nfz/n8aIFhN/jCE/rCmcxabB6jOOHV+0WNnylOxaxBQPSvcWklhA==}
    engines: {node: '>=12'}

  tslib@2.8.1:
    resolution: {integrity: sha512-oJFu94HQb+KVduSUQL7wnpmqnfmLsOA/nAh6b6EH0wCEoK0/mPeXU6c3wKDV83MkOuHPRHtSXKKU99IBazS/2w==}

  typescript@file:../../node_modules/typescript:
    resolution: {directory: ../../node_modules/typescript, type: directory}
    engines: {node: '>=14.17'}
    hasBin: true

  undici-types@6.21.0:
    resolution: {integrity: sha512-iwDZqg0QAGrg9Rav5H4n0M64c3mkR59cJ6wQp+7C4nI0gsmExaedaYLNO44eT4AtBBwjbTiGPMlt2Md0T9H9JQ==}

  update-browserslist-db@1.1.3:
    resolution: {integrity: sha512-UxhIZQ+QInVdunkDAaiazvvT/+fXL5Osr0JZlJulepYu6Jd7qJtDZjlur0emRlT71EN3ScPoE7gvsuIKKNavKw==}
    hasBin: true
    peerDependencies:
      browserslist: '>= 4.21.0'

  wrap-ansi@9.0.2:
    resolution: {integrity: sha512-42AtmgqjV+X1VpdOfyTGOYRi0/zsoLqtXQckTmqTeybT+BDIbM/Guxo7x3pE2vtpr1ok6xRqM9OpBe+Jyoqyww==}
    engines: {node: '>=18'}

  xhr2@0.2.1:
    resolution: {integrity: sha512-sID0rrVCqkVNUn8t6xuv9+6FViXjUVXq8H5rWOH2rz9fDNQEd4g0EA2XlcEdJXRz5BMEn4O1pJFdT+z4YHhoWw==}
    engines: {node: '>= 6'}

  y18n@5.0.8:
    resolution: {integrity: sha512-0pfFzegeDWJHJIAmTLRP2DwHjdF5s7jo9tuztdQxAhINCdvS+3nGINqPd00AphqJR/0LhANUS6/+7SCb98YOfA==}
    engines: {node: '>=10'}

  yallist@3.1.1:
    resolution: {integrity: sha512-a4UGQaWPH59mOXUYnAG2ewncQS4i4F43Tv3JoAM+s2VDAmS9NsK8GpDMLrCHPksFT7h3K6TOoUNn2pb7RoXx4g==}

  yargs-parser@22.0.0:
    resolution: {integrity: sha512-rwu/ClNdSMpkSrUb+d6BRsSkLUq1fmfsY6TOpYzTwvwkg1/NRG85KBy3kq++A8LKQwX6lsu+aWad+2khvuXrqw==}
    engines: {node: ^20.19.0 || ^22.12.0 || >=23}

  yargs@18.0.0:
    resolution: {integrity: sha512-4UEqdc2RYGHZc7Doyqkrqiln3p9X2DZVxaGbwhn2pi7MrRagKaOcIKe8L3OxYcbhXLgLFUS3zAYuQjKBQgmuNg==}
    engines: {node: ^20.19.0 || ^22.12.0 || >=23}

  zone.js@file:../../node_modules/zone.js:
    resolution: {directory: ../../node_modules/zone.js, type: directory}

snapshots:

  '@angular/animations@file:../../dist/packages-dist/animations(@angular/core@file:../../dist/packages-dist/core(@angular/compiler@file:../../dist/packages-dist/compiler)(rxjs@7.8.2)(zone.js@file:../../node_modules/zone.js))':
    dependencies:
      '@angular/core': file:../../dist/packages-dist/core(@angular/compiler@file:../../dist/packages-dist/compiler)(rxjs@7.8.2)(zone.js@file:../../node_modules/zone.js)
      tslib: 2.8.1

  '@angular/common@file:../../dist/packages-dist/common(@angular/core@file:../../dist/packages-dist/core(@angular/compiler@file:../../dist/packages-dist/compiler)(rxjs@7.8.2)(zone.js@file:../../node_modules/zone.js))(rxjs@7.8.2)':
    dependencies:
      '@angular/core': file:../../dist/packages-dist/core(@angular/compiler@file:../../dist/packages-dist/compiler)(rxjs@7.8.2)(zone.js@file:../../node_modules/zone.js)
      rxjs: 7.8.2
      tslib: 2.8.1

  '@angular/compiler-cli@file:../../dist/packages-dist/compiler-cli(@angular/compiler@file:../../dist/packages-dist/compiler)(typescript@file:../../node_modules/typescript)':
    dependencies:
      '@angular/compiler': file:../../dist/packages-dist/compiler
      '@babel/core': 7.28.4
      '@jridgewell/sourcemap-codec': 1.5.5
      chokidar: 4.0.3
      convert-source-map: 1.9.0
      reflect-metadata: 0.2.2
      semver: 7.7.2
      tslib: 2.8.1
      yargs: 18.0.0
    optionalDependencies:
      typescript: file:../../node_modules/typescript
    transitivePeerDependencies:
      - supports-color

  '@angular/compiler@file:../../dist/packages-dist/compiler':
    dependencies:
      tslib: 2.8.1

  '@angular/core@file:../../dist/packages-dist/core(@angular/compiler@file:../../dist/packages-dist/compiler)(rxjs@7.8.2)(zone.js@file:../../node_modules/zone.js)':
    dependencies:
      rxjs: 7.8.2
      tslib: 2.8.1
    optionalDependencies:
      '@angular/compiler': file:../../dist/packages-dist/compiler
      zone.js: file:../../node_modules/zone.js

  '@angular/elements@file:../../dist/packages-dist/elements(@angular/core@file:../../dist/packages-dist/core(@angular/compiler@file:../../dist/packages-dist/compiler)(rxjs@7.8.2)(zone.js@file:../../node_modules/zone.js))(rxjs@7.8.2)':
    dependencies:
      '@angular/core': file:../../dist/packages-dist/core(@angular/compiler@file:../../dist/packages-dist/compiler)(rxjs@7.8.2)(zone.js@file:../../node_modules/zone.js)
      rxjs: 7.8.2
      tslib: 2.8.1

  '@angular/forms@file:../../dist/packages-dist/forms(372d382660c163575962be2c5293fdf4)':
    dependencies:
      '@angular/common': file:../../dist/packages-dist/common(@angular/core@file:../../dist/packages-dist/core(@angular/compiler@file:../../dist/packages-dist/compiler)(rxjs@7.8.2)(zone.js@file:../../node_modules/zone.js))(rxjs@7.8.2)
      '@angular/core': file:../../dist/packages-dist/core(@angular/compiler@file:../../dist/packages-dist/compiler)(rxjs@7.8.2)(zone.js@file:../../node_modules/zone.js)
      '@angular/platform-browser': file:../../dist/packages-dist/platform-browser(@angular/animations@file:../../dist/packages-dist/animations(@angular/core@file:../../dist/packages-dist/core(@angular/compiler@file:../../dist/packages-dist/compiler)(rxjs@7.8.2)(zone.js@file:../../node_modules/zone.js)))(@angular/common@file:../../dist/packages-dist/common(@angular/core@file:../../dist/packages-dist/core(@angular/compiler@file:../../dist/packages-dist/compiler)(rxjs@7.8.2)(zone.js@file:../../node_modules/zone.js))(rxjs@7.8.2))(@angular/core@file:../../dist/packages-dist/core(@angular/compiler@file:../../dist/packages-dist/compiler)(rxjs@7.8.2)(zone.js@file:../../node_modules/zone.js))
      '@standard-schema/spec': 1.0.0
      rxjs: 7.8.2
      tslib: 2.8.1

  '@angular/platform-browser-dynamic@file:../../dist/packages-dist/platform-browser-dynamic(fd5cd9389cccd2bae7a6770256c06e16)':
    dependencies:
      '@angular/common': file:../../dist/packages-dist/common(@angular/core@file:../../dist/packages-dist/core(@angular/compiler@file:../../dist/packages-dist/compiler)(rxjs@7.8.2)(zone.js@file:../../node_modules/zone.js))(rxjs@7.8.2)
      '@angular/compiler': file:../../dist/packages-dist/compiler
      '@angular/core': file:../../dist/packages-dist/core(@angular/compiler@file:../../dist/packages-dist/compiler)(rxjs@7.8.2)(zone.js@file:../../node_modules/zone.js)
      '@angular/platform-browser': file:../../dist/packages-dist/platform-browser(@angular/animations@file:../../dist/packages-dist/animations(@angular/core@file:../../dist/packages-dist/core(@angular/compiler@file:../../dist/packages-dist/compiler)(rxjs@7.8.2)(zone.js@file:../../node_modules/zone.js)))(@angular/common@file:../../dist/packages-dist/common(@angular/core@file:../../dist/packages-dist/core(@angular/compiler@file:../../dist/packages-dist/compiler)(rxjs@7.8.2)(zone.js@file:../../node_modules/zone.js))(rxjs@7.8.2))(@angular/core@file:../../dist/packages-dist/core(@angular/compiler@file:../../dist/packages-dist/compiler)(rxjs@7.8.2)(zone.js@file:../../node_modules/zone.js))
      tslib: 2.8.1

  '@angular/platform-browser@file:../../dist/packages-dist/platform-browser(@angular/animations@file:../../dist/packages-dist/animations(@angular/core@file:../../dist/packages-dist/core(@angular/compiler@file:../../dist/packages-dist/compiler)(rxjs@7.8.2)(zone.js@file:../../node_modules/zone.js)))(@angular/common@file:../../dist/packages-dist/common(@angular/core@file:../../dist/packages-dist/core(@angular/compiler@file:../../dist/packages-dist/compiler)(rxjs@7.8.2)(zone.js@file:../../node_modules/zone.js))(rxjs@7.8.2))(@angular/core@file:../../dist/packages-dist/core(@angular/compiler@file:../../dist/packages-dist/compiler)(rxjs@7.8.2)(zone.js@file:../../node_modules/zone.js))':
    dependencies:
      '@angular/common': file:../../dist/packages-dist/common(@angular/core@file:../../dist/packages-dist/core(@angular/compiler@file:../../dist/packages-dist/compiler)(rxjs@7.8.2)(zone.js@file:../../node_modules/zone.js))(rxjs@7.8.2)
      '@angular/core': file:../../dist/packages-dist/core(@angular/compiler@file:../../dist/packages-dist/compiler)(rxjs@7.8.2)(zone.js@file:../../node_modules/zone.js)
      tslib: 2.8.1
    optionalDependencies:
      '@angular/animations': file:../../dist/packages-dist/animations(@angular/core@file:../../dist/packages-dist/core(@angular/compiler@file:../../dist/packages-dist/compiler)(rxjs@7.8.2)(zone.js@file:../../node_modules/zone.js))

  '@angular/platform-server@file:../../dist/packages-dist/platform-server(6ca6e06662419e52f3ddf8e1f16dfdc6)':
    dependencies:
      '@angular/common': file:../../dist/packages-dist/common(@angular/core@file:../../dist/packages-dist/core(@angular/compiler@file:../../dist/packages-dist/compiler)(rxjs@7.8.2)(zone.js@file:../../node_modules/zone.js))(rxjs@7.8.2)
      '@angular/compiler': file:../../dist/packages-dist/compiler
      '@angular/core': file:../../dist/packages-dist/core(@angular/compiler@file:../../dist/packages-dist/compiler)(rxjs@7.8.2)(zone.js@file:../../node_modules/zone.js)
      '@angular/platform-browser': file:../../dist/packages-dist/platform-browser(@angular/animations@file:../../dist/packages-dist/animations(@angular/core@file:../../dist/packages-dist/core(@angular/compiler@file:../../dist/packages-dist/compiler)(rxjs@7.8.2)(zone.js@file:../../node_modules/zone.js)))(@angular/common@file:../../dist/packages-dist/common(@angular/core@file:../../dist/packages-dist/core(@angular/compiler@file:../../dist/packages-dist/compiler)(rxjs@7.8.2)(zone.js@file:../../node_modules/zone.js))(rxjs@7.8.2))(@angular/core@file:../../dist/packages-dist/core(@angular/compiler@file:../../dist/packages-dist/compiler)(rxjs@7.8.2)(zone.js@file:../../node_modules/zone.js))
      rxjs: 7.8.2
      tslib: 2.8.1
      xhr2: 0.2.1

  '@angular/router@file:../../dist/packages-dist/router(acad40031021337c040f2b84cb643320)':
    dependencies:
      '@angular/common': file:../../dist/packages-dist/common(@angular/core@file:../../dist/packages-dist/core(@angular/compiler@file:../../dist/packages-dist/compiler)(rxjs@7.8.2)(zone.js@file:../../node_modules/zone.js))(rxjs@7.8.2)
      '@angular/core': file:../../dist/packages-dist/core(@angular/compiler@file:../../dist/packages-dist/compiler)(rxjs@7.8.2)(zone.js@file:../../node_modules/zone.js)
      '@angular/platform-browser': file:../../dist/packages-dist/platform-browser(@angular/animations@file:../../dist/packages-dist/animations(@angular/core@file:../../dist/packages-dist/core(@angular/compiler@file:../../dist/packages-dist/compiler)(rxjs@7.8.2)(zone.js@file:../../node_modules/zone.js)))(@angular/common@file:../../dist/packages-dist/common(@angular/core@file:../../dist/packages-dist/core(@angular/compiler@file:../../dist/packages-dist/compiler)(rxjs@7.8.2)(zone.js@file:../../node_modules/zone.js))(rxjs@7.8.2))(@angular/core@file:../../dist/packages-dist/core(@angular/compiler@file:../../dist/packages-dist/compiler)(rxjs@7.8.2)(zone.js@file:../../node_modules/zone.js))
      rxjs: 7.8.2
      tslib: 2.8.1

  '@angular/service-worker@file:../../dist/packages-dist/service-worker(@angular/core@file:../../dist/packages-dist/core(@angular/compiler@file:../../dist/packages-dist/compiler)(rxjs@7.8.2)(zone.js@file:../../node_modules/zone.js))(rxjs@7.8.2)':
    dependencies:
      '@angular/core': file:../../dist/packages-dist/core(@angular/compiler@file:../../dist/packages-dist/compiler)(rxjs@7.8.2)(zone.js@file:../../node_modules/zone.js)
      rxjs: 7.8.2
      tslib: 2.8.1

  '@angular/upgrade@file:../../dist/packages-dist/upgrade(8ace18c055a31f511f6818d08d083310)':
    dependencies:
      '@angular/compiler': file:../../dist/packages-dist/compiler
      '@angular/core': file:../../dist/packages-dist/core(@angular/compiler@file:../../dist/packages-dist/compiler)(rxjs@7.8.2)(zone.js@file:../../node_modules/zone.js)
      '@angular/platform-browser': file:../../dist/packages-dist/platform-browser(@angular/animations@file:../../dist/packages-dist/animations(@angular/core@file:../../dist/packages-dist/core(@angular/compiler@file:../../dist/packages-dist/compiler)(rxjs@7.8.2)(zone.js@file:../../node_modules/zone.js)))(@angular/common@file:../../dist/packages-dist/common(@angular/core@file:../../dist/packages-dist/core(@angular/compiler@file:../../dist/packages-dist/compiler)(rxjs@7.8.2)(zone.js@file:../../node_modules/zone.js))(rxjs@7.8.2))(@angular/core@file:../../dist/packages-dist/core(@angular/compiler@file:../../dist/packages-dist/compiler)(rxjs@7.8.2)(zone.js@file:../../node_modules/zone.js))
      '@angular/platform-browser-dynamic': file:../../dist/packages-dist/platform-browser-dynamic(fd5cd9389cccd2bae7a6770256c06e16)
      tslib: 2.8.1

  '@babel/code-frame@7.27.1':
    dependencies:
      '@babel/helper-validator-identifier': 7.27.1
      js-tokens: 4.0.0
      picocolors: 1.1.1

  '@babel/compat-data@7.28.4': {}

  '@babel/core@7.28.4':
    dependencies:
      '@babel/code-frame': 7.27.1
      '@babel/generator': 7.28.3
      '@babel/helper-compilation-targets': 7.27.2
      '@babel/helper-module-transforms': 7.28.3(@babel/core@7.28.4)
      '@babel/helpers': 7.28.4
      '@babel/parser': 7.28.4
      '@babel/template': 7.27.2
      '@babel/traverse': 7.28.4
      '@babel/types': 7.28.4
      '@jridgewell/remapping': 2.3.5
      convert-source-map: 2.0.0
      debug: 4.4.3
      gensync: 1.0.0-beta.2
      json5: 2.2.3
      semver: 6.3.1
    transitivePeerDependencies:
      - supports-color

  '@babel/generator@7.28.3':
    dependencies:
      '@babel/parser': 7.28.4
      '@babel/types': 7.28.4
      '@jridgewell/gen-mapping': 0.3.13
      '@jridgewell/trace-mapping': 0.3.31
      jsesc: 3.1.0

  '@babel/helper-compilation-targets@7.27.2':
    dependencies:
      '@babel/compat-data': 7.28.4
      '@babel/helper-validator-option': 7.27.1
      browserslist: 4.26.2
      lru-cache: 5.1.1
      semver: 6.3.1

  '@babel/helper-globals@7.28.0': {}

  '@babel/helper-module-imports@7.27.1':
    dependencies:
      '@babel/traverse': 7.28.4
      '@babel/types': 7.28.4
    transitivePeerDependencies:
      - supports-color

  '@babel/helper-module-transforms@7.28.3(@babel/core@7.28.4)':
    dependencies:
      '@babel/core': 7.28.4
      '@babel/helper-module-imports': 7.27.1
      '@babel/helper-validator-identifier': 7.27.1
      '@babel/traverse': 7.28.4
    transitivePeerDependencies:
      - supports-color

  '@babel/helper-string-parser@7.27.1': {}

  '@babel/helper-validator-identifier@7.27.1': {}

  '@babel/helper-validator-option@7.27.1': {}

  '@babel/helpers@7.28.4':
    dependencies:
      '@babel/template': 7.27.2
      '@babel/types': 7.28.4

  '@babel/parser@7.28.4':
    dependencies:
      '@babel/types': 7.28.4

  '@babel/template@7.27.2':
    dependencies:
      '@babel/code-frame': 7.27.1
      '@babel/parser': 7.28.4
      '@babel/types': 7.28.4

  '@babel/traverse@7.28.4':
    dependencies:
      '@babel/code-frame': 7.27.1
      '@babel/generator': 7.28.3
      '@babel/helper-globals': 7.28.0
      '@babel/parser': 7.28.4
      '@babel/template': 7.27.2
      '@babel/types': 7.28.4
      debug: 4.4.3
    transitivePeerDependencies:
      - supports-color

  '@babel/types@7.28.4':
    dependencies:
      '@babel/helper-string-parser': 7.27.1
      '@babel/helper-validator-identifier': 7.27.1

  '@jridgewell/gen-mapping@0.3.13':
    dependencies:
      '@jridgewell/sourcemap-codec': 1.5.5
      '@jridgewell/trace-mapping': 0.3.31

  '@jridgewell/remapping@2.3.5':
    dependencies:
      '@jridgewell/gen-mapping': 0.3.13
      '@jridgewell/trace-mapping': 0.3.31

  '@jridgewell/resolve-uri@3.1.2': {}

  '@jridgewell/sourcemap-codec@1.5.5': {}

  '@jridgewell/trace-mapping@0.3.31':
    dependencies:
      '@jridgewell/resolve-uri': 3.1.2
      '@jridgewell/sourcemap-codec': 1.5.5

  '@standard-schema/spec@1.0.0': {}

  '@types/jasmine@file:../../node_modules/@types/jasmine': {}

  '@types/node@file:../../node_modules/@types/node':
    dependencies:
      undici-types: 6.21.0

  ansi-regex@6.2.2: {}

  ansi-styles@6.2.3: {}

  baseline-browser-mapping@2.8.5: {}

  browserslist@4.26.2:
    dependencies:
      baseline-browser-mapping: 2.8.5
      caniuse-lite: 1.0.30001743
      electron-to-chromium: 1.5.221
      node-releases: 2.0.21
      update-browserslist-db: 1.1.3(browserslist@4.26.2)

  caniuse-lite@1.0.30001743: {}

  chokidar@4.0.3:
    dependencies:
      readdirp: 4.1.2

  cliui@9.0.1:
    dependencies:
      string-width: 7.2.0
      strip-ansi: 7.1.2
      wrap-ansi: 9.0.2

  convert-source-map@1.9.0: {}

  convert-source-map@2.0.0: {}

  debug@4.4.3:
    dependencies:
      ms: 2.1.3

  electron-to-chromium@1.5.221: {}

  emoji-regex@10.5.0: {}

  escalade@3.2.0: {}

  gensync@1.0.0-beta.2: {}

  get-caller-file@2.0.5: {}

  get-east-asian-width@1.4.0: {}

  js-tokens@4.0.0: {}

  jsesc@3.1.0: {}

  json5@2.2.3: {}

  lru-cache@5.1.1:
    dependencies:
      yallist: 3.1.1

  ms@2.1.3: {}

  node-releases@2.0.21: {}

  picocolors@1.1.1: {}

  readdirp@4.1.2: {}

  reflect-metadata@0.2.2: {}

  rxjs@7.8.2:
    dependencies:
      tslib: 2.8.1

  semver@6.3.1: {}

  semver@7.7.2: {}

  string-width@7.2.0:
    dependencies:
      emoji-regex: 10.5.0
      get-east-asian-width: 1.4.0
      strip-ansi: 7.1.2

  strip-ansi@7.1.2:
    dependencies:
      ansi-regex: 6.2.2

  tslib@2.8.1: {}

  typescript@file:../../node_modules/typescript: {}

  undici-types@6.21.0: {}

  update-browserslist-db@1.1.3(browserslist@4.26.2):
    dependencies:
      browserslist: 4.26.2
      escalade: 3.2.0
      picocolors: 1.1.1

  wrap-ansi@9.0.2:
    dependencies:
      ansi-styles: 6.2.3
      string-width: 7.2.0
      strip-ansi: 7.1.2

  xhr2@0.2.1: {}

  y18n@5.0.8: {}

  yallist@3.1.1: {}

  yargs-parser@22.0.0: {}

  yargs@18.0.0:
    dependencies:
      cliui: 9.0.1
      escalade: 3.2.0
      get-caller-file: 2.0.5
      string-width: 7.2.0
      y18n: 5.0.8
      yargs-parser: 22.0.0

  zone.js@file:../../node_modules/zone.js: {}
